{
  "name": "HeReTiFy",
  "lockfileVersion": 2,
  "requires": true,
  "packages": {
    "": {
      "dependencies": {
        "extendable-media-recorder": "^6.5.16",
        "extendable-media-recorder-wav-encoder": "^7.0.84",
        "preact": "^10.6.6",
        "three": "^0.136.0"
      },
      "devDependencies": {
        "esbuild": "^0.14.11"
      }
    },
    "node_modules/@babel/runtime": {
      "version": "7.21.0",
      "resolved": "https://registry.npmjs.org/@babel/runtime/-/runtime-7.21.0.tgz",
      "integrity": "sha512-xwII0//EObnq89Ji5AKYQaRYiW/nZ3llSv29d49IuxPhKbtJoLP+9QUUZ4nVragQVtaVGeZrpB+ZtG/Pdy/POw==",
      "dependencies": {
        "regenerator-runtime": "^0.13.11"
      },
      "engines": {
        "node": ">=6.9.0"
      }
    },
    "node_modules/automation-events": {
      "version": "4.0.12",
      "resolved": "https://registry.npmjs.org/automation-events/-/automation-events-4.0.12.tgz",
      "integrity": "sha512-7tu7q/rw3vFuAwjBoarCGql3V0HkC5QAbZUYhOblxxkHzdLUTjVotm0iaIRwiCSqxMeoFK64LrgaSCuSZguvGA==",
      "dependencies": {
        "@babel/runtime": "^7.16.7",
        "tslib": "^2.3.1"
      },
      "engines": {
        "node": ">=12.20.1"
      }
    },
    "node_modules/broker-factory": {
      "version": "3.0.75",
      "resolved": "https://registry.npmjs.org/broker-factory/-/broker-factory-3.0.75.tgz",
      "integrity": "sha512-VMC2GBMaoKXdVPC0yH/Z1NbDieYRuKlGPT6PbrrReDwvHSZH2Cl5dJVO3tPTkA9Q+xXOmnRYgcjNktZD/Oz21w==",
      "dependencies": {
        "@babel/runtime": "^7.21.0",
        "fast-unique-numbers": "^7.0.2",
        "tslib": "^2.5.0",
        "worker-factory": "^6.0.76"
      }
    },
    "node_modules/broker-factory/node_modules/fast-unique-numbers": {
      "version": "7.0.2",
      "resolved": "https://registry.npmjs.org/fast-unique-numbers/-/fast-unique-numbers-7.0.2.tgz",
      "integrity": "sha512-xnqpsnu889bHbq5cbDMwCJ2BPf6kjFPMu+RHfqKvisRxeEbTOVxY5aW/ZNsZ/r8OlwatxmjdFEVQog2xAhLkvg==",
      "dependencies": {
        "@babel/runtime": "^7.21.0",
        "tslib": "^2.5.0"
      },
      "engines": {
        "node": ">=14.15.4"
      }
    },
    "node_modules/compilerr": {
      "version": "10.0.2",
      "resolved": "https://registry.npmjs.org/compilerr/-/compilerr-10.0.2.tgz",
      "integrity": "sha512-CFwUXxJ9OuWsSvnLSbefxi+GLsZ0YnuJh40ry5QdmZ1FWK59OG+QB8XSj6t7Kq+/c5DSS7en+cML6GlzHKH58A==",
      "dependencies": {
        "@babel/runtime": "^7.21.0",
        "dashify": "^2.0.0",
        "indefinite-article": "0.0.2",
        "tslib": "^2.5.0"
      },
      "engines": {
        "node": ">=14.15.4"
      }
    },
    "node_modules/dashify": {
      "version": "2.0.0",
      "resolved": "https://registry.npmjs.org/dashify/-/dashify-2.0.0.tgz",
      "integrity": "sha512-hpA5C/YrPjucXypHPPc0oJ1l9Hf6wWbiOL7Ik42cxnsUOhWiCB/fylKbKqqJalW9FgkNQCw16YO8uW9Hs0Iy1A==",
      "engines": {
        "node": ">=4"
      }
    },
    "node_modules/esbuild": {
      "version": "0.14.11",
      "resolved": "https://registry.npmjs.org/esbuild/-/esbuild-0.14.11.tgz",
      "integrity": "sha512-xZvPtVj6yecnDeFb3KjjCM6i7B5TCAQZT77kkW/CpXTMnd6VLnRPKrUB1XHI1pSq6a4Zcy3BGueQ8VljqjDGCg==",
      "dev": true,
      "hasInstallScript": true,
      "bin": {
        "esbuild": "bin/esbuild"
      },
      "optionalDependencies": {
        "esbuild-android-arm64": "0.14.11",
        "esbuild-darwin-64": "0.14.11",
        "esbuild-darwin-arm64": "0.14.11",
        "esbuild-freebsd-64": "0.14.11",
        "esbuild-freebsd-arm64": "0.14.11",
        "esbuild-linux-32": "0.14.11",
        "esbuild-linux-64": "0.14.11",
        "esbuild-linux-arm": "0.14.11",
        "esbuild-linux-arm64": "0.14.11",
        "esbuild-linux-mips64le": "0.14.11",
        "esbuild-linux-ppc64le": "0.14.11",
        "esbuild-linux-s390x": "0.14.11",
        "esbuild-netbsd-64": "0.14.11",
        "esbuild-openbsd-64": "0.14.11",
        "esbuild-sunos-64": "0.14.11",
        "esbuild-windows-32": "0.14.11",
        "esbuild-windows-64": "0.14.11",
        "esbuild-windows-arm64": "0.14.11"
      }
    },
    "node_modules/esbuild-android-arm64": {
      "version": "0.14.11",
      "resolved": "https://registry.npmjs.org/esbuild-android-arm64/-/esbuild-android-arm64-0.14.11.tgz",
      "integrity": "sha512-6iHjgvMnC/SzDH8TefL+/3lgCjYWwAd1LixYfmz/TBPbDQlxcuSkX0yiQgcJB9k+ibZ54yjVXziIwGdlc+6WNw==",
      "cpu": [
        "arm64"
      ],
      "dev": true,
      "optional": true,
      "os": [
        "android"
      ]
    },
    "node_modules/esbuild-darwin-64": {
      "version": "0.14.11",
      "resolved": "https://registry.npmjs.org/esbuild-darwin-64/-/esbuild-darwin-64-0.14.11.tgz",
      "integrity": "sha512-olq84ikh6TiBcrs3FnM4eR5VPPlcJcdW8BnUz/lNoEWYifYQ+Po5DuYV1oz1CTFMw4k6bQIZl8T3yxL+ZT2uvQ==",
      "cpu": [
        "x64"
      ],
      "dev": true,
      "optional": true,
      "os": [
        "darwin"
      ]
    },
    "node_modules/esbuild-darwin-arm64": {
      "version": "0.14.11",
      "resolved": "https://registry.npmjs.org/esbuild-darwin-arm64/-/esbuild-darwin-arm64-0.14.11.tgz",
      "integrity": "sha512-Jj0ieWLREPBYr/TZJrb2GFH8PVzDqiQWavo1pOFFShrcmHWDBDrlDxPzEZ67NF/Un3t6sNNmeI1TUS/fe1xARg==",
      "cpu": [
        "arm64"
      ],
      "dev": true,
      "optional": true,
      "os": [
        "darwin"
      ]
    },
    "node_modules/esbuild-freebsd-64": {
      "version": "0.14.11",
      "resolved": "https://registry.npmjs.org/esbuild-freebsd-64/-/esbuild-freebsd-64-0.14.11.tgz",
      "integrity": "sha512-C5sT3/XIztxxz/zwDjPRHyzj/NJFOnakAanXuyfLDwhwupKPd76/PPHHyJx6Po6NI6PomgVp/zi6GRB8PfrOTA==",
      "cpu": [
        "x64"
      ],
      "dev": true,
      "optional": true,
      "os": [
        "freebsd"
      ]
    },
    "node_modules/esbuild-freebsd-arm64": {
      "version": "0.14.11",
      "resolved": "https://registry.npmjs.org/esbuild-freebsd-arm64/-/esbuild-freebsd-arm64-0.14.11.tgz",
      "integrity": "sha512-y3Llu4wbs0bk4cwjsdAtVOesXb6JkdfZDLKMt+v1U3tOEPBdSu6w8796VTksJgPfqvpX22JmPLClls0h5p+L9w==",
      "cpu": [
        "arm64"
      ],
      "dev": true,
      "optional": true,
      "os": [
        "freebsd"
      ]
    },
    "node_modules/esbuild-linux-32": {
      "version": "0.14.11",
      "resolved": "https://registry.npmjs.org/esbuild-linux-32/-/esbuild-linux-32-0.14.11.tgz",
      "integrity": "sha512-Cg3nVsxArjyLke9EuwictFF3Sva+UlDTwHIuIyx8qpxRYAOUTmxr2LzYrhHyTcGOleLGXUXYsnUVwKqnKAgkcg==",
      "cpu": [
        "ia32"
      ],
      "dev": true,
      "optional": true,
      "os": [
        "linux"
      ]
    },
    "node_modules/esbuild-linux-64": {
      "version": "0.14.11",
      "resolved": "https://registry.npmjs.org/esbuild-linux-64/-/esbuild-linux-64-0.14.11.tgz",
      "integrity": "sha512-oeR6dIrrojr8DKVrxtH3xl4eencmjsgI6kPkDCRIIFwv4p+K7ySviM85K66BN01oLjzthpUMvBVfWSJkBLeRbg==",
      "cpu": [
        "x64"
      ],
      "dev": true,
      "optional": true,
      "os": [
        "linux"
      ]
    },
    "node_modules/esbuild-linux-arm": {
      "version": "0.14.11",
      "resolved": "https://registry.npmjs.org/esbuild-linux-arm/-/esbuild-linux-arm-0.14.11.tgz",
      "integrity": "sha512-vcwskfD9g0tojux/ZaTJptJQU3a7YgTYsptK1y6LQ/rJmw7U5QJvboNawqM98Ca3ToYEucfCRGbl66OTNtp6KQ==",
      "cpu": [
        "arm"
      ],
      "dev": true,
      "optional": true,
      "os": [
        "linux"
      ]
    },
    "node_modules/esbuild-linux-arm64": {
      "version": "0.14.11",
      "resolved": "https://registry.npmjs.org/esbuild-linux-arm64/-/esbuild-linux-arm64-0.14.11.tgz",
      "integrity": "sha512-+e6ZCgTFQYZlmg2OqLkg1jHLYtkNDksxWDBWNtI4XG4WxuOCUErLqfEt9qWjvzK3XBcCzHImrajkUjO+rRkbMg==",
      "cpu": [
        "arm64"
      ],
      "dev": true,
      "optional": true,
      "os": [
        "linux"
      ]
    },
    "node_modules/esbuild-linux-mips64le": {
      "version": "0.14.11",
      "resolved": "https://registry.npmjs.org/esbuild-linux-mips64le/-/esbuild-linux-mips64le-0.14.11.tgz",
      "integrity": "sha512-Rrs99L+p54vepmXIb87xTG6ukrQv+CzrM8eoeR+r/OFL2Rg8RlyEtCeshXJ2+Q66MXZOgPJaokXJZb9snq28bw==",
      "cpu": [
        "mips64el"
      ],
      "dev": true,
      "optional": true,
      "os": [
        "linux"
      ]
    },
    "node_modules/esbuild-linux-ppc64le": {
      "version": "0.14.11",
      "resolved": "https://registry.npmjs.org/esbuild-linux-ppc64le/-/esbuild-linux-ppc64le-0.14.11.tgz",
      "integrity": "sha512-JyzziGAI0D30Vyzt0HDihp4s1IUtJ3ssV2zx9O/c+U/dhUHVP2TmlYjzCfCr2Q6mwXTeloDcLS4qkyvJtYptdQ==",
      "cpu": [
        "ppc64"
      ],
      "dev": true,
      "optional": true,
      "os": [
        "linux"
      ]
    },
    "node_modules/esbuild-linux-s390x": {
      "version": "0.14.11",
      "resolved": "https://registry.npmjs.org/esbuild-linux-s390x/-/esbuild-linux-s390x-0.14.11.tgz",
      "integrity": "sha512-DoThrkzunZ1nfRGoDN6REwmo8ZZWHd2ztniPVIR5RMw/Il9wiWEYBahb8jnMzQaSOxBsGp0PbyJeVLTUatnlcw==",
      "cpu": [
        "s390x"
      ],
      "dev": true,
      "optional": true,
      "os": [
        "linux"
      ]
    },
    "node_modules/esbuild-netbsd-64": {
      "version": "0.14.11",
      "resolved": "https://registry.npmjs.org/esbuild-netbsd-64/-/esbuild-netbsd-64-0.14.11.tgz",
      "integrity": "sha512-12luoRQz+6eihKYh1zjrw0CBa2aw3twIiHV/FAfjh2NEBDgJQOY4WCEUEN+Rgon7xmLh4XUxCQjnwrvf8zhACw==",
      "cpu": [
        "x64"
      ],
      "dev": true,
      "optional": true,
      "os": [
        "netbsd"
      ]
    },
    "node_modules/esbuild-openbsd-64": {
      "version": "0.14.11",
      "resolved": "https://registry.npmjs.org/esbuild-openbsd-64/-/esbuild-openbsd-64-0.14.11.tgz",
      "integrity": "sha512-l18TZDjmvwW6cDeR4fmizNoxndyDHamGOOAenwI4SOJbzlJmwfr0jUgjbaXCUuYVOA964siw+Ix+A+bhALWg8Q==",
      "cpu": [
        "x64"
      ],
      "dev": true,
      "optional": true,
      "os": [
        "openbsd"
      ]
    },
    "node_modules/esbuild-sunos-64": {
      "version": "0.14.11",
      "resolved": "https://registry.npmjs.org/esbuild-sunos-64/-/esbuild-sunos-64-0.14.11.tgz",
      "integrity": "sha512-bmYzDtwASBB8c+0/HVOAiE9diR7+8zLm/i3kEojUH2z0aIs6x/S4KiTuT5/0VKJ4zk69kXel1cNWlHBMkmavQg==",
      "cpu": [
        "x64"
      ],
      "dev": true,
      "optional": true,
      "os": [
        "sunos"
      ]
    },
    "node_modules/esbuild-windows-32": {
      "version": "0.14.11",
      "resolved": "https://registry.npmjs.org/esbuild-windows-32/-/esbuild-windows-32-0.14.11.tgz",
      "integrity": "sha512-J1Ys5hMid8QgdY00OBvIolXgCQn1ARhYtxPnG6ESWNTty3ashtc4+As5nTrsErnv8ZGUcWZe4WzTP/DmEVX1UQ==",
      "cpu": [
        "ia32"
      ],
      "dev": true,
      "optional": true,
      "os": [
        "win32"
      ]
    },
    "node_modules/esbuild-windows-64": {
      "version": "0.14.11",
      "resolved": "https://registry.npmjs.org/esbuild-windows-64/-/esbuild-windows-64-0.14.11.tgz",
      "integrity": "sha512-h9FmMskMuGeN/9G9+LlHPAoiQk9jlKDUn9yA0MpiGzwLa82E7r1b1u+h2a+InprbSnSLxDq/7p5YGtYVO85Mlg==",
      "cpu": [
        "x64"
      ],
      "dev": true,
      "optional": true,
      "os": [
        "win32"
      ]
    },
    "node_modules/esbuild-windows-arm64": {
      "version": "0.14.11",
      "resolved": "https://registry.npmjs.org/esbuild-windows-arm64/-/esbuild-windows-arm64-0.14.11.tgz",
      "integrity": "sha512-dZp7Krv13KpwKklt9/1vBFBMqxEQIO6ri7Azf8C+ob4zOegpJmha2XY9VVWP/OyQ0OWk6cEeIzMJwInRZrzBUQ==",
      "cpu": [
        "arm64"
      ],
      "dev": true,
      "optional": true,
      "os": [
        "win32"
      ]
    },
    "node_modules/extendable-media-recorder": {
      "version": "6.5.16",
      "resolved": "https://registry.npmjs.org/extendable-media-recorder/-/extendable-media-recorder-6.5.16.tgz",
      "integrity": "sha512-1C6A46/cjCtm7SyZ5BF6bGE9IzlE2W5wORB3Gbgf5mE6C51s15T0eo0+25AtDu6GnSzY5uZXYUIjOeeZwDscSg==",
      "dependencies": {
        "@babel/runtime": "^7.16.7",
        "media-encoder-host": "^8.0.66",
        "multi-buffer-data-view": "^3.0.12",
        "recorder-audio-worklet": "^5.1.16",
        "standardized-audio-context": "^25.3.19",
        "subscribable-things": "^2.0.6",
        "tslib": "^2.3.1"
      }
    },
    "node_modules/extendable-media-recorder-wav-encoder": {
      "version": "7.0.84",
      "resolved": "https://registry.npmjs.org/extendable-media-recorder-wav-encoder/-/extendable-media-recorder-wav-encoder-7.0.84.tgz",
      "integrity": "sha512-Qpt3foEpOAu5Lyc7VzQR3QMGqhcUoQZlqV3vRTTxfLcyvEhw1ro2rWUwabQvvl/4xzZTEM/ejceQBK3Q3Fc67w==",
      "dependencies": {
        "@babel/runtime": "^7.21.0",
        "extendable-media-recorder-wav-encoder-broker": "^7.0.77",
        "extendable-media-recorder-wav-encoder-worker": "^8.0.76",
        "tslib": "^2.5.0"
      }
    },
    "node_modules/extendable-media-recorder-wav-encoder-broker": {
      "version": "7.0.77",
      "resolved": "https://registry.npmjs.org/extendable-media-recorder-wav-encoder-broker/-/extendable-media-recorder-wav-encoder-broker-7.0.77.tgz",
      "integrity": "sha512-HNUcsUMtKw8hUx1pHM/78+joa3L7FpCh+R3jX9RRuSrHMUw/ldq29wi/evBs4lMoasyMZLHD3yI1Phz0hYH7pg==",
      "dependencies": {
        "@babel/runtime": "^7.21.0",
        "broker-factory": "^3.0.75",
        "extendable-media-recorder-wav-encoder-worker": "^8.0.76",
        "tslib": "^2.5.0"
      }
    },
    "node_modules/extendable-media-recorder-wav-encoder-worker": {
      "version": "8.0.76",
      "resolved": "https://registry.npmjs.org/extendable-media-recorder-wav-encoder-worker/-/extendable-media-recorder-wav-encoder-worker-8.0.76.tgz",
      "integrity": "sha512-m/pafu/XodKM05r3wkdY6D+gvprD6VCe1rLKnmF/Ooj4VGQ3DglsOhxWmEXRHVtzFWHIxIpjq6Z14VYaj1sXUg==",
      "dependencies": {
        "@babel/runtime": "^7.21.0",
        "tslib": "^2.5.0",
        "worker-factory": "^6.0.76"
      }
    },
    "node_modules/fast-unique-numbers": {
      "version": "6.0.12",
      "resolved": "https://registry.npmjs.org/fast-unique-numbers/-/fast-unique-numbers-6.0.12.tgz",
      "integrity": "sha512-HIY5gqgeKPMZRDhs9o66ZE/hstN/AVKjeqy77QJCB7n6DoBy9cdN1PaTDKhXkcsy8nfes15GCU9t1xHLPO7Ofw==",
      "dependencies": {
        "@babel/runtime": "^7.17.0",
        "tslib": "^2.3.1"
      },
      "engines": {
        "node": ">=12.20.1"
      }
    },
    "node_modules/indefinite-article": {
      "version": "0.0.2",
      "resolved": "https://registry.npmjs.org/indefinite-article/-/indefinite-article-0.0.2.tgz",
      "integrity": "sha512-Au/2XzRkvxq2J6w5uvSSbBKPZ5kzINx5F2wb0SF8xpRL8BP9Lav81TnRbfPp6p+SYjYxwaaLn4EUwI3/MmYKSw=="
    },
    "node_modules/media-encoder-host": {
      "version": "8.0.66",
      "resolved": "https://registry.npmjs.org/media-encoder-host/-/media-encoder-host-8.0.66.tgz",
      "integrity": "sha512-zEbDu8wY4POG+wuUA3I0gOkhk0Wqh8hIFMJr0xXXdAQhIY8Jgowgq2uPo3HfCkkaYkQ/HYqXUqE/L/Vf6Py8jw==",
      "dependencies": {
        "@babel/runtime": "^7.16.7",
        "media-encoder-host-broker": "^7.0.58",
        "media-encoder-host-worker": "^9.0.59",
        "tslib": "^2.3.1"
      }
    },
    "node_modules/media-encoder-host-broker": {
      "version": "7.0.58",
      "resolved": "https://registry.npmjs.org/media-encoder-host-broker/-/media-encoder-host-broker-7.0.58.tgz",
      "integrity": "sha512-S9TLcj9x2t8QUUE4AN09yjzOod9eMYKz91hDKEnBn8f1v2w59M7q4m4moH8owb9RZvAo3fqXC+344xS2GEUFHA==",
      "dependencies": {
        "@babel/runtime": "^7.16.7",
        "broker-factory": "^3.0.57",
        "fast-unique-numbers": "^6.0.11",
        "media-encoder-host-worker": "^9.0.59",
        "tslib": "^2.3.1"
      }
    },
    "node_modules/media-encoder-host-worker": {
      "version": "9.0.59",
      "resolved": "https://registry.npmjs.org/media-encoder-host-worker/-/media-encoder-host-worker-9.0.59.tgz",
      "integrity": "sha512-H0w/14QaW9zuTknokzAQAeHyVY+fePCRwfDXo5Ng1PTqNvpJIuoeCNtSgkmyYk77Lbq6tHpxbFdCaEs4kXfBIg==",
      "dependencies": {
        "@babel/runtime": "^7.16.7",
        "extendable-media-recorder-wav-encoder-broker": "^7.0.58",
        "tslib": "^2.3.1",
        "worker-factory": "^6.0.57"
      }
    },
    "node_modules/multi-buffer-data-view": {
      "version": "3.0.12",
      "resolved": "https://registry.npmjs.org/multi-buffer-data-view/-/multi-buffer-data-view-3.0.12.tgz",
      "integrity": "sha512-iTc22QQ/xkU7JxAsmXhARPG0yIrsKZUzSfKpXIMF96vSocI5H/dhIaMVTytM2GpgSfy4ouQOQ1rB0HvlenqGgw==",
      "dependencies": {
        "@babel/runtime": "^7.16.7",
        "tslib": "^2.3.1"
      },
      "engines": {
        "node": ">=12.20.1"
      }
    },
    "node_modules/preact": {
      "version": "10.6.6",
      "resolved": "https://registry.npmjs.org/preact/-/preact-10.6.6.tgz",
      "integrity": "sha512-dgxpTFV2vs4vizwKohYKkk7g7rmp1wOOcfd4Tz3IB3Wi+ivZzsn/SpeKJhRENSE+n8sUfsAl4S3HiCVT923ABw==",
      "funding": {
        "type": "opencollective",
        "url": "https://opencollective.com/preact"
      }
    },
    "node_modules/recorder-audio-worklet": {
      "version": "5.1.16",
      "resolved": "https://registry.npmjs.org/recorder-audio-worklet/-/recorder-audio-worklet-5.1.16.tgz",
      "integrity": "sha512-1sBUv9fZd/Dng+I1IYNNi/WgLLV5hVsUe26gmczjI1VV3mIZJWLfkAD8gJPwthB9yHv/DA/olUIRVKJSqUNa+Q==",
      "dependencies": {
        "@babel/runtime": "^7.16.7",
        "broker-factory": "^3.0.57",
        "fast-unique-numbers": "^6.0.11",
        "recorder-audio-worklet-processor": "^4.2.7",
        "standardized-audio-context": "^25.3.19",
        "subscribable-things": "^2.0.6",
        "tslib": "^2.3.1",
        "worker-factory": "^6.0.57"
      }
    },
    "node_modules/recorder-audio-worklet-processor": {
      "version": "4.2.7",
      "resolved": "https://registry.npmjs.org/recorder-audio-worklet-processor/-/recorder-audio-worklet-processor-4.2.7.tgz",
      "integrity": "sha512-Jyv8jOkB7lMN6Pxtln/3z2Le1yFqL8Y392MTYnhWNPiYTtz6xeKmMjPLiOLwDdx89xQi7IGLLzVOkrDhW95T6Q==",
      "dependencies": {
        "@babel/runtime": "^7.16.7",
        "tslib": "^2.3.1"
      }
    },
    "node_modules/regenerator-runtime": {
      "version": "0.13.11",
      "resolved": "https://registry.npmjs.org/regenerator-runtime/-/regenerator-runtime-0.13.11.tgz",
      "integrity": "sha512-kY1AZVr2Ra+t+piVaJ4gxaFaReZVH40AKNo7UCX6W+dEwBo/2oZJzqfuN1qLq1oL45o56cPaTXELwrTh8Fpggg=="
    },
    "node_modules/rxjs-interop": {
      "version": "2.0.0",
      "resolved": "https://registry.npmjs.org/rxjs-interop/-/rxjs-interop-2.0.0.tgz",
      "integrity": "sha512-ASEq9atUw7lualXB+knvgtvwkCEvGWV2gDD/8qnASzBkzEARZck9JAyxmY8OS6Nc1pCPEgDTKNcx+YqqYfzArw=="
    },
    "node_modules/standardized-audio-context": {
      "version": "25.3.20",
      "resolved": "https://registry.npmjs.org/standardized-audio-context/-/standardized-audio-context-25.3.20.tgz",
      "integrity": "sha512-c6eMQXmN7iDS7ROuSqOrHQhxpazerJSnRHEJiKD8YkruZBTt/a5E7zmk+KkStoi0dohFAod8wvwWxc7S1gmdig==",
      "dependencies": {
        "@babel/runtime": "^7.17.0",
        "automation-events": "^4.0.12",
        "tslib": "^2.3.1"
      }
    },
    "node_modules/subscribable-things": {
      "version": "2.0.8",
      "resolved": "https://registry.npmjs.org/subscribable-things/-/subscribable-things-2.0.8.tgz",
      "integrity": "sha512-bKHb41kjNETnsZwGoH05Z2evu/6myk/pfC1GxK/3jpSq7Y4lDqUKY/Y29gIrWjT0kXG0lfbqbBjhilxEl6Bpfg==",
      "dependencies": {
        "@babel/runtime": "^7.17.0",
        "rxjs-interop": "^2.0.0",
        "tslib": "^2.3.1"
      }
    },
    "node_modules/three": {
      "version": "0.136.0",
      "resolved": "https://registry.npmjs.org/three/-/three-0.136.0.tgz",
      "integrity": "sha512-+fEMX7nYLz2ZesVP/dyifli5Jf8gR3XPAnFJveQ80aMhibFduzrADnjMbARXh8+W9qLK7rshJCjAIL/6cDxC+A=="
    },
    "node_modules/tslib": {
      "version": "2.5.0",
      "resolved": "https://registry.npmjs.org/tslib/-/tslib-2.5.0.tgz",
      "integrity": "sha512-336iVw3rtn2BUK7ORdIAHTyxHGRIHVReokCR3XjbckJMK7ms8FysBfhLR8IXnAgy7T0PTPNBWKiH514FOW/WSg=="
    },
    "node_modules/worker-factory": {
      "version": "6.0.76",
      "resolved": "https://registry.npmjs.org/worker-factory/-/worker-factory-6.0.76.tgz",
      "integrity": "sha512-W1iBNPmE9p0asU4aFmYJYCnMxhkvk4qlKc660GlHxWgmflY64NxxTbmKqipu4K5p9LiKKPjqXfcQme6153BZEQ==",
      "dependencies": {
        "@babel/runtime": "^7.21.0",
        "compilerr": "^10.0.2",
        "fast-unique-numbers": "^7.0.2",
        "tslib": "^2.5.0"
      }
    },
    "node_modules/worker-factory/node_modules/fast-unique-numbers": {
      "version": "7.0.2",
      "resolved": "https://registry.npmjs.org/fast-unique-numbers/-/fast-unique-numbers-7.0.2.tgz",
      "integrity": "sha512-xnqpsnu889bHbq5cbDMwCJ2BPf6kjFPMu+RHfqKvisRxeEbTOVxY5aW/ZNsZ/r8OlwatxmjdFEVQog2xAhLkvg==",
      "dependencies": {
        "@babel/runtime": "^7.21.0",
        "tslib": "^2.5.0"
      },
      "engines": {
        "node": ">=14.15.4"
      }
    }
  },
  "dependencies": {
    "@babel/runtime": {
      "version": "7.21.0",
      "resolved": "https://registry.npmjs.org/@babel/runtime/-/runtime-7.21.0.tgz",
      "integrity": "sha512-xwII0//EObnq89Ji5AKYQaRYiW/nZ3llSv29d49IuxPhKbtJoLP+9QUUZ4nVragQVtaVGeZrpB+ZtG/Pdy/POw==",
      "requires": {
        "regenerator-runtime": "^0.13.11"
      }
    },
    "automation-events": {
      "version": "4.0.12",
      "resolved": "https://registry.npmjs.org/automation-events/-/automation-events-4.0.12.tgz",
      "integrity": "sha512-7tu7q/rw3vFuAwjBoarCGql3V0HkC5QAbZUYhOblxxkHzdLUTjVotm0iaIRwiCSqxMeoFK64LrgaSCuSZguvGA==",
      "requires": {
        "@babel/runtime": "^7.16.7",
        "tslib": "^2.3.1"
      }
    },
    "broker-factory": {
      "version": "3.0.75",
      "resolved": "https://registry.npmjs.org/broker-factory/-/broker-factory-3.0.75.tgz",
      "integrity": "sha512-VMC2GBMaoKXdVPC0yH/Z1NbDieYRuKlGPT6PbrrReDwvHSZH2Cl5dJVO3tPTkA9Q+xXOmnRYgcjNktZD/Oz21w==",
      "requires": {
        "@babel/runtime": "^7.21.0",
        "fast-unique-numbers": "^7.0.2",
        "tslib": "^2.5.0",
        "worker-factory": "^6.0.76"
      },
      "dependencies": {
        "fast-unique-numbers": {
          "version": "7.0.2",
          "resolved": "https://registry.npmjs.org/fast-unique-numbers/-/fast-unique-numbers-7.0.2.tgz",
          "integrity": "sha512-xnqpsnu889bHbq5cbDMwCJ2BPf6kjFPMu+RHfqKvisRxeEbTOVxY5aW/ZNsZ/r8OlwatxmjdFEVQog2xAhLkvg==",
          "requires": {
            "@babel/runtime": "^7.21.0",
            "tslib": "^2.5.0"
          }
        }
      }
    },
    "compilerr": {
      "version": "10.0.2",
      "resolved": "https://registry.npmjs.org/compilerr/-/compilerr-10.0.2.tgz",
      "integrity": "sha512-CFwUXxJ9OuWsSvnLSbefxi+GLsZ0YnuJh40ry5QdmZ1FWK59OG+QB8XSj6t7Kq+/c5DSS7en+cML6GlzHKH58A==",
      "requires": {
        "@babel/runtime": "^7.21.0",
        "dashify": "^2.0.0",
        "indefinite-article": "0.0.2",
        "tslib": "^2.5.0"
      }
    },
    "dashify": {
      "version": "2.0.0",
      "resolved": "https://registry.npmjs.org/dashify/-/dashify-2.0.0.tgz",
      "integrity": "sha512-hpA5C/YrPjucXypHPPc0oJ1l9Hf6wWbiOL7Ik42cxnsUOhWiCB/fylKbKqqJalW9FgkNQCw16YO8uW9Hs0Iy1A=="
    },
    "esbuild": {
      "version": "0.14.11",
      "resolved": "https://registry.npmjs.org/esbuild/-/esbuild-0.14.11.tgz",
      "integrity": "sha512-xZvPtVj6yecnDeFb3KjjCM6i7B5TCAQZT77kkW/CpXTMnd6VLnRPKrUB1XHI1pSq6a4Zcy3BGueQ8VljqjDGCg==",
      "dev": true,
      "requires": {
        "esbuild-android-arm64": "0.14.11",
        "esbuild-darwin-64": "0.14.11",
        "esbuild-darwin-arm64": "0.14.11",
        "esbuild-freebsd-64": "0.14.11",
        "esbuild-freebsd-arm64": "0.14.11",
        "esbuild-linux-32": "0.14.11",
        "esbuild-linux-64": "0.14.11",
        "esbuild-linux-arm": "0.14.11",
        "esbuild-linux-arm64": "0.14.11",
        "esbuild-linux-mips64le": "0.14.11",
        "esbuild-linux-ppc64le": "0.14.11",
        "esbuild-linux-s390x": "0.14.11",
        "esbuild-netbsd-64": "0.14.11",
        "esbuild-openbsd-64": "0.14.11",
        "esbuild-sunos-64": "0.14.11",
        "esbuild-windows-32": "0.14.11",
        "esbuild-windows-64": "0.14.11",
        "esbuild-windows-arm64": "0.14.11"
      }
    },
    "esbuild-android-arm64": {
      "version": "0.14.11",
      "resolved": "https://registry.npmjs.org/esbuild-android-arm64/-/esbuild-android-arm64-0.14.11.tgz",
      "integrity": "sha512-6iHjgvMnC/SzDH8TefL+/3lgCjYWwAd1LixYfmz/TBPbDQlxcuSkX0yiQgcJB9k+ibZ54yjVXziIwGdlc+6WNw==",
      "dev": true,
      "optional": true
    },
    "esbuild-darwin-64": {
      "version": "0.14.11",
      "resolved": "https://registry.npmjs.org/esbuild-darwin-64/-/esbuild-darwin-64-0.14.11.tgz",
      "integrity": "sha512-olq84ikh6TiBcrs3FnM4eR5VPPlcJcdW8BnUz/lNoEWYifYQ+Po5DuYV1oz1CTFMw4k6bQIZl8T3yxL+ZT2uvQ==",
      "dev": true,
      "optional": true
    },
    "esbuild-darwin-arm64": {
      "version": "0.14.11",
      "resolved": "https://registry.npmjs.org/esbuild-darwin-arm64/-/esbuild-darwin-arm64-0.14.11.tgz",
      "integrity": "sha512-Jj0ieWLREPBYr/TZJrb2GFH8PVzDqiQWavo1pOFFShrcmHWDBDrlDxPzEZ67NF/Un3t6sNNmeI1TUS/fe1xARg==",
      "dev": true,
      "optional": true
    },
    "esbuild-freebsd-64": {
      "version": "0.14.11",
      "resolved": "https://registry.npmjs.org/esbuild-freebsd-64/-/esbuild-freebsd-64-0.14.11.tgz",
      "integrity": "sha512-C5sT3/XIztxxz/zwDjPRHyzj/NJFOnakAanXuyfLDwhwupKPd76/PPHHyJx6Po6NI6PomgVp/zi6GRB8PfrOTA==",
      "dev": true,
      "optional": true
    },
    "esbuild-freebsd-arm64": {
      "version": "0.14.11",
      "resolved": "https://registry.npmjs.org/esbuild-freebsd-arm64/-/esbuild-freebsd-arm64-0.14.11.tgz",
      "integrity": "sha512-y3Llu4wbs0bk4cwjsdAtVOesXb6JkdfZDLKMt+v1U3tOEPBdSu6w8796VTksJgPfqvpX22JmPLClls0h5p+L9w==",
      "dev": true,
      "optional": true
    },
    "esbuild-linux-32": {
      "version": "0.14.11",
      "resolved": "https://registry.npmjs.org/esbuild-linux-32/-/esbuild-linux-32-0.14.11.tgz",
      "integrity": "sha512-Cg3nVsxArjyLke9EuwictFF3Sva+UlDTwHIuIyx8qpxRYAOUTmxr2LzYrhHyTcGOleLGXUXYsnUVwKqnKAgkcg==",
      "dev": true,
      "optional": true
    },
    "esbuild-linux-64": {
      "version": "0.14.11",
      "resolved": "https://registry.npmjs.org/esbuild-linux-64/-/esbuild-linux-64-0.14.11.tgz",
      "integrity": "sha512-oeR6dIrrojr8DKVrxtH3xl4eencmjsgI6kPkDCRIIFwv4p+K7ySviM85K66BN01oLjzthpUMvBVfWSJkBLeRbg==",
      "dev": true,
      "optional": true
    },
    "esbuild-linux-arm": {
      "version": "0.14.11",
      "resolved": "https://registry.npmjs.org/esbuild-linux-arm/-/esbuild-linux-arm-0.14.11.tgz",
      "integrity": "sha512-vcwskfD9g0tojux/ZaTJptJQU3a7YgTYsptK1y6LQ/rJmw7U5QJvboNawqM98Ca3ToYEucfCRGbl66OTNtp6KQ==",
      "dev": true,
      "optional": true
    },
    "esbuild-linux-arm64": {
      "version": "0.14.11",
      "resolved": "https://registry.npmjs.org/esbuild-linux-arm64/-/esbuild-linux-arm64-0.14.11.tgz",
      "integrity": "sha512-+e6ZCgTFQYZlmg2OqLkg1jHLYtkNDksxWDBWNtI4XG4WxuOCUErLqfEt9qWjvzK3XBcCzHImrajkUjO+rRkbMg==",
      "dev": true,
      "optional": true
    },
    "esbuild-linux-mips64le": {
      "version": "0.14.11",
      "resolved": "https://registry.npmjs.org/esbuild-linux-mips64le/-/esbuild-linux-mips64le-0.14.11.tgz",
      "integrity": "sha512-Rrs99L+p54vepmXIb87xTG6ukrQv+CzrM8eoeR+r/OFL2Rg8RlyEtCeshXJ2+Q66MXZOgPJaokXJZb9snq28bw==",
      "dev": true,
      "optional": true
    },
    "esbuild-linux-ppc64le": {
      "version": "0.14.11",
      "resolved": "https://registry.npmjs.org/esbuild-linux-ppc64le/-/esbuild-linux-ppc64le-0.14.11.tgz",
      "integrity": "sha512-JyzziGAI0D30Vyzt0HDihp4s1IUtJ3ssV2zx9O/c+U/dhUHVP2TmlYjzCfCr2Q6mwXTeloDcLS4qkyvJtYptdQ==",
      "dev": true,
      "optional": true
    },
    "esbuild-linux-s390x": {
      "version": "0.14.11",
      "resolved": "https://registry.npmjs.org/esbuild-linux-s390x/-/esbuild-linux-s390x-0.14.11.tgz",
      "integrity": "sha512-DoThrkzunZ1nfRGoDN6REwmo8ZZWHd2ztniPVIR5RMw/Il9wiWEYBahb8jnMzQaSOxBsGp0PbyJeVLTUatnlcw==",
      "dev": true,
      "optional": true
    },
    "esbuild-netbsd-64": {
      "version": "0.14.11",
      "resolved": "https://registry.npmjs.org/esbuild-netbsd-64/-/esbuild-netbsd-64-0.14.11.tgz",
      "integrity": "sha512-12luoRQz+6eihKYh1zjrw0CBa2aw3twIiHV/FAfjh2NEBDgJQOY4WCEUEN+Rgon7xmLh4XUxCQjnwrvf8zhACw==",
      "dev": true,
      "optional": true
    },
    "esbuild-openbsd-64": {
      "version": "0.14.11",
      "resolved": "https://registry.npmjs.org/esbuild-openbsd-64/-/esbuild-openbsd-64-0.14.11.tgz",
      "integrity": "sha512-l18TZDjmvwW6cDeR4fmizNoxndyDHamGOOAenwI4SOJbzlJmwfr0jUgjbaXCUuYVOA964siw+Ix+A+bhALWg8Q==",
      "dev": true,
      "optional": true
    },
    "esbuild-sunos-64": {
      "version": "0.14.11",
      "resolved": "https://registry.npmjs.org/esbuild-sunos-64/-/esbuild-sunos-64-0.14.11.tgz",
      "integrity": "sha512-bmYzDtwASBB8c+0/HVOAiE9diR7+8zLm/i3kEojUH2z0aIs6x/S4KiTuT5/0VKJ4zk69kXel1cNWlHBMkmavQg==",
      "dev": true,
      "optional": true
    },
    "esbuild-windows-32": {
      "version": "0.14.11",
      "resolved": "https://registry.npmjs.org/esbuild-windows-32/-/esbuild-windows-32-0.14.11.tgz",
      "integrity": "sha512-J1Ys5hMid8QgdY00OBvIolXgCQn1ARhYtxPnG6ESWNTty3ashtc4+As5nTrsErnv8ZGUcWZe4WzTP/DmEVX1UQ==",
      "dev": true,
      "optional": true
    },
    "esbuild-windows-64": {
      "version": "0.14.11",
      "resolved": "https://registry.npmjs.org/esbuild-windows-64/-/esbuild-windows-64-0.14.11.tgz",
      "integrity": "sha512-h9FmMskMuGeN/9G9+LlHPAoiQk9jlKDUn9yA0MpiGzwLa82E7r1b1u+h2a+InprbSnSLxDq/7p5YGtYVO85Mlg==",
      "dev": true,
      "optional": true
    },
    "esbuild-windows-arm64": {
      "version": "0.14.11",
      "resolved": "https://registry.npmjs.org/esbuild-windows-arm64/-/esbuild-windows-arm64-0.14.11.tgz",
      "integrity": "sha512-dZp7Krv13KpwKklt9/1vBFBMqxEQIO6ri7Azf8C+ob4zOegpJmha2XY9VVWP/OyQ0OWk6cEeIzMJwInRZrzBUQ==",
      "dev": true,
      "optional": true
    },
    "extendable-media-recorder": {
      "version": "6.5.16",
      "resolved": "https://registry.npmjs.org/extendable-media-recorder/-/extendable-media-recorder-6.5.16.tgz",
      "integrity": "sha512-1C6A46/cjCtm7SyZ5BF6bGE9IzlE2W5wORB3Gbgf5mE6C51s15T0eo0+25AtDu6GnSzY5uZXYUIjOeeZwDscSg==",
      "requires": {
        "@babel/runtime": "^7.16.7",
        "media-encoder-host": "^8.0.66",
        "multi-buffer-data-view": "^3.0.12",
        "recorder-audio-worklet": "^5.1.16",
        "standardized-audio-context": "^25.3.19",
        "subscribable-things": "^2.0.6",
        "tslib": "^2.3.1"
      }
    },
    "extendable-media-recorder-wav-encoder": {
      "version": "7.0.84",
      "resolved": "https://registry.npmjs.org/extendable-media-recorder-wav-encoder/-/extendable-media-recorder-wav-encoder-7.0.84.tgz",
      "integrity": "sha512-Qpt3foEpOAu5Lyc7VzQR3QMGqhcUoQZlqV3vRTTxfLcyvEhw1ro2rWUwabQvvl/4xzZTEM/ejceQBK3Q3Fc67w==",
      "requires": {
        "@babel/runtime": "^7.21.0",
        "extendable-media-recorder-wav-encoder-broker": "^7.0.77",
        "extendable-media-recorder-wav-encoder-worker": "^8.0.76",
        "tslib": "^2.5.0"
      }
    },
    "extendable-media-recorder-wav-encoder-broker": {
      "version": "7.0.77",
      "resolved": "https://registry.npmjs.org/extendable-media-recorder-wav-encoder-broker/-/extendable-media-recorder-wav-encoder-broker-7.0.77.tgz",
      "integrity": "sha512-HNUcsUMtKw8hUx1pHM/78+joa3L7FpCh+R3jX9RRuSrHMUw/ldq29wi/evBs4lMoasyMZLHD3yI1Phz0hYH7pg==",
      "requires": {
        "@babel/runtime": "^7.21.0",
        "broker-factory": "^3.0.75",
        "extendable-media-recorder-wav-encoder-worker": "^8.0.76",
        "tslib": "^2.5.0"
      }
    },
    "extendable-media-recorder-wav-encoder-worker": {
      "version": "8.0.76",
      "resolved": "https://registry.npmjs.org/extendable-media-recorder-wav-encoder-worker/-/extendable-media-recorder-wav-encoder-worker-8.0.76.tgz",
      "integrity": "sha512-m/pafu/XodKM05r3wkdY6D+gvprD6VCe1rLKnmF/Ooj4VGQ3DglsOhxWmEXRHVtzFWHIxIpjq6Z14VYaj1sXUg==",
      "requires": {
        "@babel/runtime": "^7.21.0",
        "tslib": "^2.5.0",
        "worker-factory": "^6.0.76"
      }
    },
    "fast-unique-numbers": {
      "version": "6.0.12",
      "resolved": "https://registry.npmjs.org/fast-unique-numbers/-/fast-unique-numbers-6.0.12.tgz",
      "integrity": "sha512-HIY5gqgeKPMZRDhs9o66ZE/hstN/AVKjeqy77QJCB7n6DoBy9cdN1PaTDKhXkcsy8nfes15GCU9t1xHLPO7Ofw==",
      "requires": {
        "@babel/runtime": "^7.17.0",
        "tslib": "^2.3.1"
      }
    },
    "indefinite-article": {
      "version": "0.0.2",
      "resolved": "https://registry.npmjs.org/indefinite-article/-/indefinite-article-0.0.2.tgz",
      "integrity": "sha512-Au/2XzRkvxq2J6w5uvSSbBKPZ5kzINx5F2wb0SF8xpRL8BP9Lav81TnRbfPp6p+SYjYxwaaLn4EUwI3/MmYKSw=="
    },
    "media-encoder-host": {
      "version": "8.0.66",
      "resolved": "https://registry.npmjs.org/media-encoder-host/-/media-encoder-host-8.0.66.tgz",
      "integrity": "sha512-zEbDu8wY4POG+wuUA3I0gOkhk0Wqh8hIFMJr0xXXdAQhIY8Jgowgq2uPo3HfCkkaYkQ/HYqXUqE/L/Vf6Py8jw==",
      "requires": {
        "@babel/runtime": "^7.16.7",
        "media-encoder-host-broker": "^7.0.58",
        "media-encoder-host-worker": "^9.0.59",
        "tslib": "^2.3.1"
      }
    },
    "media-encoder-host-broker": {
      "version": "7.0.58",
      "resolved": "https://registry.npmjs.org/media-encoder-host-broker/-/media-encoder-host-broker-7.0.58.tgz",
      "integrity": "sha512-S9TLcj9x2t8QUUE4AN09yjzOod9eMYKz91hDKEnBn8f1v2w59M7q4m4moH8owb9RZvAo3fqXC+344xS2GEUFHA==",
      "requires": {
        "@babel/runtime": "^7.16.7",
        "broker-factory": "^3.0.57",
        "fast-unique-numbers": "^6.0.11",
        "media-encoder-host-worker": "^9.0.59",
        "tslib": "^2.3.1"
      }
    },
    "media-encoder-host-worker": {
      "version": "9.0.59",
      "resolved": "https://registry.npmjs.org/media-encoder-host-worker/-/media-encoder-host-worker-9.0.59.tgz",
      "integrity": "sha512-H0w/14QaW9zuTknokzAQAeHyVY+fePCRwfDXo5Ng1PTqNvpJIuoeCNtSgkmyYk77Lbq6tHpxbFdCaEs4kXfBIg==",
      "requires": {
        "@babel/runtime": "^7.16.7",
        "extendable-media-recorder-wav-encoder-broker": "^7.0.58",
        "tslib": "^2.3.1",
        "worker-factory": "^6.0.57"
      }
    },
    "multi-buffer-data-view": {
      "version": "3.0.12",
      "resolved": "https://registry.npmjs.org/multi-buffer-data-view/-/multi-buffer-data-view-3.0.12.tgz",
      "integrity": "sha512-iTc22QQ/xkU7JxAsmXhARPG0yIrsKZUzSfKpXIMF96vSocI5H/dhIaMVTytM2GpgSfy4ouQOQ1rB0HvlenqGgw==",
      "requires": {
        "@babel/runtime": "^7.16.7",
        "tslib": "^2.3.1"
      }
    },
    "preact": {
      "version": "10.6.6",
      "resolved": "https://registry.npmjs.org/preact/-/preact-10.6.6.tgz",
      "integrity": "sha512-dgxpTFV2vs4vizwKohYKkk7g7rmp1wOOcfd4Tz3IB3Wi+ivZzsn/SpeKJhRENSE+n8sUfsAl4S3HiCVT923ABw=="
    },
    "recorder-audio-worklet": {
      "version": "5.1.16",
      "resolved": "https://registry.npmjs.org/recorder-audio-worklet/-/recorder-audio-worklet-5.1.16.tgz",
      "integrity": "sha512-1sBUv9fZd/Dng+I1IYNNi/WgLLV5hVsUe26gmczjI1VV3mIZJWLfkAD8gJPwthB9yHv/DA/olUIRVKJSqUNa+Q==",
      "requires": {
        "@babel/runtime": "^7.16.7",
        "broker-factory": "^3.0.57",
        "fast-unique-numbers": "^6.0.11",
        "recorder-audio-worklet-processor": "^4.2.7",
        "standardized-audio-context": "^25.3.19",
        "subscribable-things": "^2.0.6",
        "tslib": "^2.3.1",
        "worker-factory": "^6.0.57"
      }
    },
    "recorder-audio-worklet-processor": {
      "version": "4.2.7",
      "resolved": "https://registry.npmjs.org/recorder-audio-worklet-processor/-/recorder-audio-worklet-processor-4.2.7.tgz",
      "integrity": "sha512-Jyv8jOkB7lMN6Pxtln/3z2Le1yFqL8Y392MTYnhWNPiYTtz6xeKmMjPLiOLwDdx89xQi7IGLLzVOkrDhW95T6Q==",
      "requires": {
        "@babel/runtime": "^7.16.7",
        "tslib": "^2.3.1"
      }
    },
    "regenerator-runtime": {
      "version": "0.13.11",
      "resolved": "https://registry.npmjs.org/regenerator-runtime/-/regenerator-runtime-0.13.11.tgz",
      "integrity": "sha512-kY1AZVr2Ra+t+piVaJ4gxaFaReZVH40AKNo7UCX6W+dEwBo/2oZJzqfuN1qLq1oL45o56cPaTXELwrTh8Fpggg=="
    },
    "rxjs-interop": {
      "version": "2.0.0",
      "resolved": "https://registry.npmjs.org/rxjs-interop/-/rxjs-interop-2.0.0.tgz",
      "integrity": "sha512-ASEq9atUw7lualXB+knvgtvwkCEvGWV2gDD/8qnASzBkzEARZck9JAyxmY8OS6Nc1pCPEgDTKNcx+YqqYfzArw=="
    },
    "standardized-audio-context": {
      "version": "25.3.20",
      "resolved": "https://registry.npmjs.org/standardized-audio-context/-/standardized-audio-context-25.3.20.tgz",
      "integrity": "sha512-c6eMQXmN7iDS7ROuSqOrHQhxpazerJSnRHEJiKD8YkruZBTt/a5E7zmk+KkStoi0dohFAod8wvwWxc7S1gmdig==",
      "requires": {
        "@babel/runtime": "^7.17.0",
        "automation-events": "^4.0.12",
        "tslib": "^2.3.1"
      }
    },
    "subscribable-things": {
      "version": "2.0.8",
      "resolved": "https://registry.npmjs.org/subscribable-things/-/subscribable-things-2.0.8.tgz",
      "integrity": "sha512-bKHb41kjNETnsZwGoH05Z2evu/6myk/pfC1GxK/3jpSq7Y4lDqUKY/Y29gIrWjT0kXG0lfbqbBjhilxEl6Bpfg==",
      "requires": {
        "@babel/runtime": "^7.17.0",
        "rxjs-interop": "^2.0.0",
        "tslib": "^2.3.1"
      }
    },
    "three": {
      "version": "0.136.0",
      "resolved": "https://registry.npmjs.org/three/-/three-0.136.0.tgz",
      "integrity": "sha512-+fEMX7nYLz2ZesVP/dyifli5Jf8gR3XPAnFJveQ80aMhibFduzrADnjMbARXh8+W9qLK7rshJCjAIL/6cDxC+A=="
    },
    "tslib": {
      "version": "2.5.0",
      "resolved": "https://registry.npmjs.org/tslib/-/tslib-2.5.0.tgz",
      "integrity": "sha512-336iVw3rtn2BUK7ORdIAHTyxHGRIHVReokCR3XjbckJMK7ms8FysBfhLR8IXnAgy7T0PTPNBWKiH514FOW/WSg=="
    },
    "worker-factory": {
      "version": "6.0.76",
      "resolved": "https://registry.npmjs.org/worker-factory/-/worker-factory-6.0.76.tgz",
      "integrity": "sha512-W1iBNPmE9p0asU4aFmYJYCnMxhkvk4qlKc660GlHxWgmflY64NxxTbmKqipu4K5p9LiKKPjqXfcQme6153BZEQ==",
      "requires": {
        "@babel/runtime": "^7.21.0",
        "compilerr": "^10.0.2",
        "fast-unique-numbers": "^7.0.2",
        "tslib": "^2.5.0"
      },
      "dependencies": {
        "fast-unique-numbers": {
          "version": "7.0.2",
          "resolved": "https://registry.npmjs.org/fast-unique-numbers/-/fast-unique-numbers-7.0.2.tgz",
          "integrity": "sha512-xnqpsnu889bHbq5cbDMwCJ2BPf6kjFPMu+RHfqKvisRxeEbTOVxY5aW/ZNsZ/r8OlwatxmjdFEVQog2xAhLkvg==",
          "requires": {
            "@babel/runtime": "^7.21.0",
            "tslib": "^2.5.0"
          }
        }
      }
    }
  }
}
