{
  "name": "HeReTiFy",
  "lockfileVersion": 2,
  "requires": true,
  "packages": {
    "": {
      "dependencies": {
        "extendable-media-recorder": "^6.5.16",
        "extendable-media-recorder-wav-encoder": "^7.0.65",
        "preact": "^10.6.6",
        "three": "^0.136.0"
      },
      "devDependencies": {
        "esbuild": "^0.16.4"
      }
    },
    "node_modules/@babel/runtime": {
      "version": "7.17.0",
      "resolved": "https://registry.npmjs.org/@babel/runtime/-/runtime-7.17.0.tgz",
      "integrity": "sha512-etcO/ohMNaNA2UBdaXBBSX/3aEzFMRrVfaPv8Ptc0k+cWpWW0QFiGZ2XnVqQZI1Cf734LbPGmqBKWESfW4x/dQ==",
      "dependencies": {
        "regenerator-runtime": "^0.13.4"
      },
      "engines": {
        "node": ">=6.9.0"
      }
    },
    "node_modules/@esbuild/android-arm": {
      "version": "0.16.4",
      "resolved": "https://registry.npmjs.org/@esbuild/android-arm/-/android-arm-0.16.4.tgz",
      "integrity": "sha512-rZzb7r22m20S1S7ufIc6DC6W659yxoOrl7sKP1nCYhuvUlnCFHVSbATG4keGUtV8rDz11sRRDbWkvQZpzPaHiw==",
      "cpu": [
        "arm"
      ],
      "dev": true,
      "optional": true,
      "os": [
        "android"
      ],
      "engines": {
        "node": ">=12"
      }
    },
    "node_modules/@esbuild/android-arm64": {
      "version": "0.16.4",
      "resolved": "https://registry.npmjs.org/@esbuild/android-arm64/-/android-arm64-0.16.4.tgz",
      "integrity": "sha512-VPuTzXFm/m2fcGfN6CiwZTlLzxrKsWbPkG7ArRFpuxyaHUm/XFHQPD4xNwZT6uUmpIHhnSjcaCmcla8COzmZ5Q==",
      "cpu": [
        "arm64"
      ],
      "dev": true,
      "optional": true,
      "os": [
        "android"
      ],
      "engines": {
        "node": ">=12"
      }
    },
    "node_modules/@esbuild/android-x64": {
      "version": "0.16.4",
      "resolved": "https://registry.npmjs.org/@esbuild/android-x64/-/android-x64-0.16.4.tgz",
      "integrity": "sha512-MW+B2O++BkcOfMWmuHXB15/l1i7wXhJFqbJhp82IBOais8RBEQv2vQz/jHrDEHaY2X0QY7Wfw86SBL2PbVOr0g==",
      "cpu": [
        "x64"
      ],
      "dev": true,
      "optional": true,
      "os": [
        "android"
      ],
      "engines": {
        "node": ">=12"
      }
    },
    "node_modules/@esbuild/darwin-arm64": {
      "version": "0.16.4",
      "resolved": "https://registry.npmjs.org/@esbuild/darwin-arm64/-/darwin-arm64-0.16.4.tgz",
      "integrity": "sha512-a28X1O//aOfxwJVZVs7ZfM8Tyih2Za4nKJrBwW5Wm4yKsnwBy9aiS/xwpxiiTRttw3EaTg4Srerhcm6z0bu9Wg==",
      "cpu": [
        "arm64"
      ],
      "dev": true,
      "optional": true,
      "os": [
        "darwin"
      ],
      "engines": {
        "node": ">=12"
      }
    },
    "node_modules/@esbuild/darwin-x64": {
      "version": "0.16.4",
      "resolved": "https://registry.npmjs.org/@esbuild/darwin-x64/-/darwin-x64-0.16.4.tgz",
      "integrity": "sha512-e3doCr6Ecfwd7VzlaQqEPrnbvvPjE9uoTpxG5pyLzr2rI2NMjDHmvY1E5EO81O/e9TUOLLkXA5m6T8lfjK9yAA==",
      "cpu": [
        "x64"
      ],
      "dev": true,
      "optional": true,
      "os": [
        "darwin"
      ],
      "engines": {
        "node": ">=12"
      }
    },
    "node_modules/@esbuild/freebsd-arm64": {
      "version": "0.16.4",
      "resolved": "https://registry.npmjs.org/@esbuild/freebsd-arm64/-/freebsd-arm64-0.16.4.tgz",
      "integrity": "sha512-Oup3G/QxBgvvqnXWrBed7xxkFNwAwJVHZcklWyQt7YCAL5bfUkaa6FVWnR78rNQiM8MqqLiT6ZTZSdUFuVIg1w==",
      "cpu": [
        "arm64"
      ],
      "dev": true,
      "optional": true,
      "os": [
        "freebsd"
      ],
      "engines": {
        "node": ">=12"
      }
    },
    "node_modules/@esbuild/freebsd-x64": {
      "version": "0.16.4",
      "resolved": "https://registry.npmjs.org/@esbuild/freebsd-x64/-/freebsd-x64-0.16.4.tgz",
      "integrity": "sha512-vAP+eYOxlN/Bpo/TZmzEQapNS8W1njECrqkTpNgvXskkkJC2AwOXwZWai/Kc2vEFZUXQttx6UJbj9grqjD/+9Q==",
      "cpu": [
        "x64"
      ],
      "dev": true,
      "optional": true,
      "os": [
        "freebsd"
      ],
      "engines": {
        "node": ">=12"
      }
    },
    "node_modules/@esbuild/linux-arm": {
      "version": "0.16.4",
      "resolved": "https://registry.npmjs.org/@esbuild/linux-arm/-/linux-arm-0.16.4.tgz",
      "integrity": "sha512-A47ZmtpIPyERxkSvIv+zLd6kNIOtJH03XA0Hy7jaceRDdQaQVGSDt4mZqpWqJYgDk9rg96aglbF6kCRvPGDSUA==",
      "cpu": [
        "arm"
      ],
      "dev": true,
      "optional": true,
      "os": [
        "linux"
      ],
      "engines": {
        "node": ">=12"
      }
    },
    "node_modules/@esbuild/linux-arm64": {
      "version": "0.16.4",
      "resolved": "https://registry.npmjs.org/@esbuild/linux-arm64/-/linux-arm64-0.16.4.tgz",
      "integrity": "sha512-2zXoBhv4r5pZiyjBKrOdFP4CXOChxXiYD50LRUU+65DkdS5niPFHbboKZd/c81l0ezpw7AQnHeoCy5hFrzzs4g==",
      "cpu": [
        "arm64"
      ],
      "dev": true,
      "optional": true,
      "os": [
        "linux"
      ],
      "engines": {
        "node": ">=12"
      }
    },
    "node_modules/@esbuild/linux-ia32": {
      "version": "0.16.4",
      "resolved": "https://registry.npmjs.org/@esbuild/linux-ia32/-/linux-ia32-0.16.4.tgz",
      "integrity": "sha512-uxdSrpe9wFhz4yBwt2kl2TxS/NWEINYBUFIxQtaEVtglm1eECvsj1vEKI0KX2k2wCe17zDdQ3v+jVxfwVfvvjw==",
      "cpu": [
        "ia32"
      ],
      "dev": true,
      "optional": true,
      "os": [
        "linux"
      ],
      "engines": {
        "node": ">=12"
      }
    },
    "node_modules/@esbuild/linux-loong64": {
      "version": "0.16.4",
      "resolved": "https://registry.npmjs.org/@esbuild/linux-loong64/-/linux-loong64-0.16.4.tgz",
      "integrity": "sha512-peDrrUuxbZ9Jw+DwLCh/9xmZAk0p0K1iY5d2IcwmnN+B87xw7kujOkig6ZRcZqgrXgeRGurRHn0ENMAjjD5DEg==",
      "cpu": [
        "loong64"
      ],
      "dev": true,
      "optional": true,
      "os": [
        "linux"
      ],
      "engines": {
        "node": ">=12"
      }
    },
    "node_modules/@esbuild/linux-mips64el": {
      "version": "0.16.4",
      "resolved": "https://registry.npmjs.org/@esbuild/linux-mips64el/-/linux-mips64el-0.16.4.tgz",
      "integrity": "sha512-sD9EEUoGtVhFjjsauWjflZklTNr57KdQ6xfloO4yH1u7vNQlOfAlhEzbyBKfgbJlW7rwXYBdl5/NcZ+Mg2XhQA==",
      "cpu": [
        "mips64el"
      ],
      "dev": true,
      "optional": true,
      "os": [
        "linux"
      ],
      "engines": {
        "node": ">=12"
      }
    },
    "node_modules/@esbuild/linux-ppc64": {
      "version": "0.16.4",
      "resolved": "https://registry.npmjs.org/@esbuild/linux-ppc64/-/linux-ppc64-0.16.4.tgz",
      "integrity": "sha512-X1HSqHUX9D+d0l6/nIh4ZZJ94eQky8d8z6yxAptpZE3FxCWYWvTDd9X9ST84MGZEJx04VYUD/AGgciddwO0b8g==",
      "cpu": [
        "ppc64"
      ],
      "dev": true,
      "optional": true,
      "os": [
        "linux"
      ],
      "engines": {
        "node": ">=12"
      }
    },
    "node_modules/@esbuild/linux-riscv64": {
      "version": "0.16.4",
      "resolved": "https://registry.npmjs.org/@esbuild/linux-riscv64/-/linux-riscv64-0.16.4.tgz",
      "integrity": "sha512-97ANpzyNp0GTXCt6SRdIx1ngwncpkV/z453ZuxbnBROCJ5p/55UjhbaG23UdHj88fGWLKPFtMoU4CBacz4j9FA==",
      "cpu": [
        "riscv64"
      ],
      "dev": true,
      "optional": true,
      "os": [
        "linux"
      ],
      "engines": {
        "node": ">=12"
      }
    },
    "node_modules/@esbuild/linux-s390x": {
      "version": "0.16.4",
      "resolved": "https://registry.npmjs.org/@esbuild/linux-s390x/-/linux-s390x-0.16.4.tgz",
      "integrity": "sha512-pUvPQLPmbEeJRPjP0DYTC1vjHyhrnCklQmCGYbipkep+oyfTn7GTBJXoPodR7ZS5upmEyc8lzAkn2o29wD786A==",
      "cpu": [
        "s390x"
      ],
      "dev": true,
      "optional": true,
      "os": [
        "linux"
      ],
      "engines": {
        "node": ">=12"
      }
    },
    "node_modules/@esbuild/linux-x64": {
      "version": "0.16.4",
      "resolved": "https://registry.npmjs.org/@esbuild/linux-x64/-/linux-x64-0.16.4.tgz",
      "integrity": "sha512-N55Q0mJs3Sl8+utPRPBrL6NLYZKBCLLx0bme/+RbjvMforTGGzFvsRl4xLTZMUBFC1poDzBEPTEu5nxizQ9Nlw==",
      "cpu": [
        "x64"
      ],
      "dev": true,
      "optional": true,
      "os": [
        "linux"
      ],
      "engines": {
        "node": ">=12"
      }
    },
    "node_modules/@esbuild/netbsd-x64": {
      "version": "0.16.4",
      "resolved": "https://registry.npmjs.org/@esbuild/netbsd-x64/-/netbsd-x64-0.16.4.tgz",
      "integrity": "sha512-LHSJLit8jCObEQNYkgsDYBh2JrJT53oJO2HVdkSYLa6+zuLJh0lAr06brXIkljrlI+N7NNW1IAXGn/6IZPi3YQ==",
      "cpu": [
        "x64"
      ],
      "dev": true,
      "optional": true,
      "os": [
        "netbsd"
      ],
      "engines": {
        "node": ">=12"
      }
    },
    "node_modules/@esbuild/openbsd-x64": {
      "version": "0.16.4",
      "resolved": "https://registry.npmjs.org/@esbuild/openbsd-x64/-/openbsd-x64-0.16.4.tgz",
      "integrity": "sha512-nLgdc6tWEhcCFg/WVFaUxHcPK3AP/bh+KEwKtl69Ay5IBqUwKDaq/6Xk0E+fh/FGjnLwqFSsarsbPHeKM8t8Sw==",
      "cpu": [
        "x64"
      ],
      "dev": true,
      "optional": true,
      "os": [
        "openbsd"
      ],
      "engines": {
        "node": ">=12"
      }
    },
    "node_modules/@esbuild/sunos-x64": {
      "version": "0.16.4",
      "resolved": "https://registry.npmjs.org/@esbuild/sunos-x64/-/sunos-x64-0.16.4.tgz",
      "integrity": "sha512-08SluG24GjPO3tXKk95/85n9kpyZtXCVwURR2i4myhrOfi3jspClV0xQQ0W0PYWHioJj+LejFMt41q+PG3mlAQ==",
      "cpu": [
        "x64"
      ],
      "dev": true,
      "optional": true,
      "os": [
        "sunos"
      ],
      "engines": {
        "node": ">=12"
      }
    },
    "node_modules/@esbuild/win32-arm64": {
      "version": "0.16.4",
      "resolved": "https://registry.npmjs.org/@esbuild/win32-arm64/-/win32-arm64-0.16.4.tgz",
      "integrity": "sha512-yYiRDQcqLYQSvNQcBKN7XogbrSvBE45FEQdH8fuXPl7cngzkCvpsG2H9Uey39IjQ6gqqc+Q4VXYHsQcKW0OMjQ==",
      "cpu": [
        "arm64"
      ],
      "dev": true,
      "optional": true,
      "os": [
        "win32"
      ],
      "engines": {
        "node": ">=12"
      }
    },
    "node_modules/@esbuild/win32-ia32": {
      "version": "0.16.4",
      "resolved": "https://registry.npmjs.org/@esbuild/win32-ia32/-/win32-ia32-0.16.4.tgz",
      "integrity": "sha512-5rabnGIqexekYkh9zXG5waotq8mrdlRoBqAktjx2W3kb0zsI83mdCwrcAeKYirnUaTGztR5TxXcXmQrEzny83w==",
      "cpu": [
        "ia32"
      ],
      "dev": true,
      "optional": true,
      "os": [
        "win32"
      ],
      "engines": {
        "node": ">=12"
      }
    },
    "node_modules/@esbuild/win32-x64": {
      "version": "0.16.4",
      "resolved": "https://registry.npmjs.org/@esbuild/win32-x64/-/win32-x64-0.16.4.tgz",
      "integrity": "sha512-sN/I8FMPtmtT2Yw+Dly8Ur5vQ5a/RmC8hW7jO9PtPSQUPkowxWpcUZnqOggU7VwyT3Xkj6vcXWd3V/qTXwultQ==",
      "cpu": [
        "x64"
      ],
      "dev": true,
      "optional": true,
      "os": [
        "win32"
      ],
      "engines": {
        "node": ">=12"
      }
    },
    "node_modules/automation-events": {
      "version": "4.0.12",
      "resolved": "https://registry.npmjs.org/automation-events/-/automation-events-4.0.12.tgz",
      "integrity": "sha512-7tu7q/rw3vFuAwjBoarCGql3V0HkC5QAbZUYhOblxxkHzdLUTjVotm0iaIRwiCSqxMeoFK64LrgaSCuSZguvGA==",
      "dependencies": {
        "@babel/runtime": "^7.16.7",
        "tslib": "^2.3.1"
      },
      "engines": {
        "node": ">=12.20.1"
      }
    },
    "node_modules/broker-factory": {
      "version": "3.0.57",
      "resolved": "https://registry.npmjs.org/broker-factory/-/broker-factory-3.0.57.tgz",
      "integrity": "sha512-+7WZeIMjY9fP9CS5Qw9SN1bx+oFQyWRHtfYlIZDTSGpdplJiH232UNpr0vKgnSFEEV8J22ucH3AA6p8BooB0fw==",
      "dependencies": {
        "@babel/runtime": "^7.16.7",
        "fast-unique-numbers": "^6.0.11",
        "tslib": "^2.3.1",
        "worker-factory": "^6.0.57"
      }
    },
    "node_modules/compilerr": {
      "version": "9.0.12",
      "resolved": "https://registry.npmjs.org/compilerr/-/compilerr-9.0.12.tgz",
      "integrity": "sha512-3cDQLziEkZNdQ1JfLvQd1iErcj4Nmh7C65Cuf1BUC7KSVbRvz4KwoAD2avRSY7YDXBCwBZNLqCWYsMxnYEphYw==",
      "dependencies": {
        "@babel/runtime": "^7.17.0",
        "dashify": "^2.0.0",
        "indefinite-article": "0.0.2",
        "tslib": "^2.3.1"
      },
      "engines": {
        "node": ">=12.20.1"
      }
    },
    "node_modules/dashify": {
      "version": "2.0.0",
      "resolved": "https://registry.npmjs.org/dashify/-/dashify-2.0.0.tgz",
      "integrity": "sha512-hpA5C/YrPjucXypHPPc0oJ1l9Hf6wWbiOL7Ik42cxnsUOhWiCB/fylKbKqqJalW9FgkNQCw16YO8uW9Hs0Iy1A==",
      "engines": {
        "node": ">=4"
      }
    },
    "node_modules/esbuild": {
      "version": "0.16.4",
      "resolved": "https://registry.npmjs.org/esbuild/-/esbuild-0.16.4.tgz",
      "integrity": "sha512-qQrPMQpPTWf8jHugLWHoGqZjApyx3OEm76dlTXobHwh/EBbavbRdjXdYi/GWr43GyN0sfpap14GPkb05NH3ROA==",
      "dev": true,
      "hasInstallScript": true,
      "bin": {
        "esbuild": "bin/esbuild"
      },
      "engines": {
        "node": ">=12"
      },
      "optionalDependencies": {
        "@esbuild/android-arm": "0.16.4",
        "@esbuild/android-arm64": "0.16.4",
        "@esbuild/android-x64": "0.16.4",
        "@esbuild/darwin-arm64": "0.16.4",
        "@esbuild/darwin-x64": "0.16.4",
        "@esbuild/freebsd-arm64": "0.16.4",
        "@esbuild/freebsd-x64": "0.16.4",
        "@esbuild/linux-arm": "0.16.4",
        "@esbuild/linux-arm64": "0.16.4",
        "@esbuild/linux-ia32": "0.16.4",
        "@esbuild/linux-loong64": "0.16.4",
        "@esbuild/linux-mips64el": "0.16.4",
        "@esbuild/linux-ppc64": "0.16.4",
        "@esbuild/linux-riscv64": "0.16.4",
        "@esbuild/linux-s390x": "0.16.4",
        "@esbuild/linux-x64": "0.16.4",
        "@esbuild/netbsd-x64": "0.16.4",
        "@esbuild/openbsd-x64": "0.16.4",
        "@esbuild/sunos-x64": "0.16.4",
        "@esbuild/win32-arm64": "0.16.4",
        "@esbuild/win32-ia32": "0.16.4",
        "@esbuild/win32-x64": "0.16.4"
      }
    },
    "node_modules/extendable-media-recorder": {
      "version": "6.5.16",
      "resolved": "https://registry.npmjs.org/extendable-media-recorder/-/extendable-media-recorder-6.5.16.tgz",
      "integrity": "sha512-1C6A46/cjCtm7SyZ5BF6bGE9IzlE2W5wORB3Gbgf5mE6C51s15T0eo0+25AtDu6GnSzY5uZXYUIjOeeZwDscSg==",
      "dependencies": {
        "@babel/runtime": "^7.16.7",
        "media-encoder-host": "^8.0.66",
        "multi-buffer-data-view": "^3.0.12",
        "recorder-audio-worklet": "^5.1.16",
        "standardized-audio-context": "^25.3.19",
        "subscribable-things": "^2.0.6",
        "tslib": "^2.3.1"
      }
    },
    "node_modules/extendable-media-recorder-wav-encoder": {
      "version": "7.0.65",
      "resolved": "https://registry.npmjs.org/extendable-media-recorder-wav-encoder/-/extendable-media-recorder-wav-encoder-7.0.65.tgz",
      "integrity": "sha512-gW/LGX6fGga6iAmOwVPqA+UAlk8L/YR55a59eo1/R9zH2EqZK2ZomTdxA3Vl9LoTq/uXfRzS4TKJug2dWYDfPA==",
      "dependencies": {
        "@babel/runtime": "^7.16.7",
        "extendable-media-recorder-wav-encoder-broker": "^7.0.58",
        "extendable-media-recorder-wav-encoder-worker": "^8.0.57",
        "tslib": "^2.3.1"
      }
    },
    "node_modules/extendable-media-recorder-wav-encoder-broker": {
      "version": "7.0.58",
      "resolved": "https://registry.npmjs.org/extendable-media-recorder-wav-encoder-broker/-/extendable-media-recorder-wav-encoder-broker-7.0.58.tgz",
      "integrity": "sha512-NEPwTOuYewtfqlV2fScW8/Jqa3XVLZlEneVZea3ie6ddou/4VnTfL35JQ0obnRxsSRTwgWQbMiM+TFLeV8TWwQ==",
      "dependencies": {
        "@babel/runtime": "^7.16.7",
        "broker-factory": "^3.0.57",
        "extendable-media-recorder-wav-encoder-worker": "^8.0.57",
        "tslib": "^2.3.1"
      }
    },
    "node_modules/extendable-media-recorder-wav-encoder-worker": {
      "version": "8.0.57",
      "resolved": "https://registry.npmjs.org/extendable-media-recorder-wav-encoder-worker/-/extendable-media-recorder-wav-encoder-worker-8.0.57.tgz",
      "integrity": "sha512-3Z7pg4LAGr2p67tiqYmRFyOC0wCIhtpX6H3fUHQfMAtMsYGElYqUhxOPeitVNOSeQjp4fzr7iksteJbURhCVKA==",
      "dependencies": {
        "@babel/runtime": "^7.16.7",
        "tslib": "^2.3.1",
        "worker-factory": "^6.0.57"
      }
    },
    "node_modules/fast-unique-numbers": {
      "version": "6.0.12",
      "resolved": "https://registry.npmjs.org/fast-unique-numbers/-/fast-unique-numbers-6.0.12.tgz",
      "integrity": "sha512-HIY5gqgeKPMZRDhs9o66ZE/hstN/AVKjeqy77QJCB7n6DoBy9cdN1PaTDKhXkcsy8nfes15GCU9t1xHLPO7Ofw==",
      "dependencies": {
        "@babel/runtime": "^7.17.0",
        "tslib": "^2.3.1"
      },
      "engines": {
        "node": ">=12.20.1"
      }
    },
    "node_modules/indefinite-article": {
      "version": "0.0.2",
      "resolved": "https://registry.npmjs.org/indefinite-article/-/indefinite-article-0.0.2.tgz",
      "integrity": "sha1-S8hVJXBmz6th6mi+unXRANbiUGs="
    },
    "node_modules/media-encoder-host": {
      "version": "8.0.66",
      "resolved": "https://registry.npmjs.org/media-encoder-host/-/media-encoder-host-8.0.66.tgz",
      "integrity": "sha512-zEbDu8wY4POG+wuUA3I0gOkhk0Wqh8hIFMJr0xXXdAQhIY8Jgowgq2uPo3HfCkkaYkQ/HYqXUqE/L/Vf6Py8jw==",
      "dependencies": {
        "@babel/runtime": "^7.16.7",
        "media-encoder-host-broker": "^7.0.58",
        "media-encoder-host-worker": "^9.0.59",
        "tslib": "^2.3.1"
      }
    },
    "node_modules/media-encoder-host-broker": {
      "version": "7.0.58",
      "resolved": "https://registry.npmjs.org/media-encoder-host-broker/-/media-encoder-host-broker-7.0.58.tgz",
      "integrity": "sha512-S9TLcj9x2t8QUUE4AN09yjzOod9eMYKz91hDKEnBn8f1v2w59M7q4m4moH8owb9RZvAo3fqXC+344xS2GEUFHA==",
      "dependencies": {
        "@babel/runtime": "^7.16.7",
        "broker-factory": "^3.0.57",
        "fast-unique-numbers": "^6.0.11",
        "media-encoder-host-worker": "^9.0.59",
        "tslib": "^2.3.1"
      }
    },
    "node_modules/media-encoder-host-worker": {
      "version": "9.0.59",
      "resolved": "https://registry.npmjs.org/media-encoder-host-worker/-/media-encoder-host-worker-9.0.59.tgz",
      "integrity": "sha512-H0w/14QaW9zuTknokzAQAeHyVY+fePCRwfDXo5Ng1PTqNvpJIuoeCNtSgkmyYk77Lbq6tHpxbFdCaEs4kXfBIg==",
      "dependencies": {
        "@babel/runtime": "^7.16.7",
        "extendable-media-recorder-wav-encoder-broker": "^7.0.58",
        "tslib": "^2.3.1",
        "worker-factory": "^6.0.57"
      }
    },
    "node_modules/multi-buffer-data-view": {
      "version": "3.0.12",
      "resolved": "https://registry.npmjs.org/multi-buffer-data-view/-/multi-buffer-data-view-3.0.12.tgz",
      "integrity": "sha512-iTc22QQ/xkU7JxAsmXhARPG0yIrsKZUzSfKpXIMF96vSocI5H/dhIaMVTytM2GpgSfy4ouQOQ1rB0HvlenqGgw==",
      "dependencies": {
        "@babel/runtime": "^7.16.7",
        "tslib": "^2.3.1"
      },
      "engines": {
        "node": ">=12.20.1"
      }
    },
    "node_modules/preact": {
      "version": "10.6.6",
      "resolved": "https://registry.npmjs.org/preact/-/preact-10.6.6.tgz",
      "integrity": "sha512-dgxpTFV2vs4vizwKohYKkk7g7rmp1wOOcfd4Tz3IB3Wi+ivZzsn/SpeKJhRENSE+n8sUfsAl4S3HiCVT923ABw==",
      "funding": {
        "type": "opencollective",
        "url": "https://opencollective.com/preact"
      }
    },
    "node_modules/recorder-audio-worklet": {
      "version": "5.1.16",
      "resolved": "https://registry.npmjs.org/recorder-audio-worklet/-/recorder-audio-worklet-5.1.16.tgz",
      "integrity": "sha512-1sBUv9fZd/Dng+I1IYNNi/WgLLV5hVsUe26gmczjI1VV3mIZJWLfkAD8gJPwthB9yHv/DA/olUIRVKJSqUNa+Q==",
      "dependencies": {
        "@babel/runtime": "^7.16.7",
        "broker-factory": "^3.0.57",
        "fast-unique-numbers": "^6.0.11",
        "recorder-audio-worklet-processor": "^4.2.7",
        "standardized-audio-context": "^25.3.19",
        "subscribable-things": "^2.0.6",
        "tslib": "^2.3.1",
        "worker-factory": "^6.0.57"
      }
    },
    "node_modules/recorder-audio-worklet-processor": {
      "version": "4.2.7",
      "resolved": "https://registry.npmjs.org/recorder-audio-worklet-processor/-/recorder-audio-worklet-processor-4.2.7.tgz",
      "integrity": "sha512-Jyv8jOkB7lMN6Pxtln/3z2Le1yFqL8Y392MTYnhWNPiYTtz6xeKmMjPLiOLwDdx89xQi7IGLLzVOkrDhW95T6Q==",
      "dependencies": {
        "@babel/runtime": "^7.16.7",
        "tslib": "^2.3.1"
      }
    },
    "node_modules/regenerator-runtime": {
      "version": "0.13.9",
      "resolved": "https://registry.npmjs.org/regenerator-runtime/-/regenerator-runtime-0.13.9.tgz",
      "integrity": "sha512-p3VT+cOEgxFsRRA9X4lkI1E+k2/CtnKtU4gcxyaCUreilL/vqI6CdZ3wxVUx3UOUg+gnUOQQcRI7BmSI656MYA=="
    },
    "node_modules/rxjs-interop": {
      "version": "2.0.0",
      "resolved": "https://registry.npmjs.org/rxjs-interop/-/rxjs-interop-2.0.0.tgz",
      "integrity": "sha512-ASEq9atUw7lualXB+knvgtvwkCEvGWV2gDD/8qnASzBkzEARZck9JAyxmY8OS6Nc1pCPEgDTKNcx+YqqYfzArw=="
    },
    "node_modules/standardized-audio-context": {
      "version": "25.3.20",
      "resolved": "https://registry.npmjs.org/standardized-audio-context/-/standardized-audio-context-25.3.20.tgz",
      "integrity": "sha512-c6eMQXmN7iDS7ROuSqOrHQhxpazerJSnRHEJiKD8YkruZBTt/a5E7zmk+KkStoi0dohFAod8wvwWxc7S1gmdig==",
      "dependencies": {
        "@babel/runtime": "^7.17.0",
        "automation-events": "^4.0.12",
        "tslib": "^2.3.1"
      }
    },
    "node_modules/subscribable-things": {
      "version": "2.0.8",
      "resolved": "https://registry.npmjs.org/subscribable-things/-/subscribable-things-2.0.8.tgz",
      "integrity": "sha512-bKHb41kjNETnsZwGoH05Z2evu/6myk/pfC1GxK/3jpSq7Y4lDqUKY/Y29gIrWjT0kXG0lfbqbBjhilxEl6Bpfg==",
      "dependencies": {
        "@babel/runtime": "^7.17.0",
        "rxjs-interop": "^2.0.0",
        "tslib": "^2.3.1"
      }
    },
    "node_modules/three": {
      "version": "0.136.0",
      "resolved": "https://registry.npmjs.org/three/-/three-0.136.0.tgz",
      "integrity": "sha512-+fEMX7nYLz2ZesVP/dyifli5Jf8gR3XPAnFJveQ80aMhibFduzrADnjMbARXh8+W9qLK7rshJCjAIL/6cDxC+A=="
    },
    "node_modules/tslib": {
      "version": "2.3.1",
      "resolved": "https://registry.npmjs.org/tslib/-/tslib-2.3.1.tgz",
      "integrity": "sha512-77EbyPPpMz+FRFRuAFlWMtmgUWGe9UOG2Z25NqCwiIjRhOf5iKGuzSe5P2w1laq+FkRy4p+PCuVkJSGkzTEKVw=="
    },
    "node_modules/worker-factory": {
      "version": "6.0.58",
      "resolved": "https://registry.npmjs.org/worker-factory/-/worker-factory-6.0.58.tgz",
      "integrity": "sha512-qNB72IJZ7S51vwoDY2S6Prba6bPRGKrGbetVXNBekWDheH3pLawu+NRizi/H2WriDd3xU9EAORF9ym+xk6g8nQ==",
      "dependencies": {
        "@babel/runtime": "^7.17.0",
        "compilerr": "^9.0.12",
        "fast-unique-numbers": "^6.0.12",
        "tslib": "^2.3.1"
      }
    }
  },
  "dependencies": {
    "@babel/runtime": {
      "version": "7.17.0",
      "resolved": "https://registry.npmjs.org/@babel/runtime/-/runtime-7.17.0.tgz",
      "integrity": "sha512-etcO/ohMNaNA2UBdaXBBSX/3aEzFMRrVfaPv8Ptc0k+cWpWW0QFiGZ2XnVqQZI1Cf734LbPGmqBKWESfW4x/dQ==",
      "requires": {
        "regenerator-runtime": "^0.13.4"
      }
    },
    "@esbuild/android-arm": {
      "version": "0.16.4",
      "resolved": "https://registry.npmjs.org/@esbuild/android-arm/-/android-arm-0.16.4.tgz",
      "integrity": "sha512-rZzb7r22m20S1S7ufIc6DC6W659yxoOrl7sKP1nCYhuvUlnCFHVSbATG4keGUtV8rDz11sRRDbWkvQZpzPaHiw==",
      "dev": true,
      "optional": true
    },
    "@esbuild/android-arm64": {
      "version": "0.16.4",
      "resolved": "https://registry.npmjs.org/@esbuild/android-arm64/-/android-arm64-0.16.4.tgz",
      "integrity": "sha512-VPuTzXFm/m2fcGfN6CiwZTlLzxrKsWbPkG7ArRFpuxyaHUm/XFHQPD4xNwZT6uUmpIHhnSjcaCmcla8COzmZ5Q==",
      "dev": true,
      "optional": true
    },
    "@esbuild/android-x64": {
      "version": "0.16.4",
      "resolved": "https://registry.npmjs.org/@esbuild/android-x64/-/android-x64-0.16.4.tgz",
      "integrity": "sha512-MW+B2O++BkcOfMWmuHXB15/l1i7wXhJFqbJhp82IBOais8RBEQv2vQz/jHrDEHaY2X0QY7Wfw86SBL2PbVOr0g==",
      "dev": true,
      "optional": true
    },
    "@esbuild/darwin-arm64": {
      "version": "0.16.4",
      "resolved": "https://registry.npmjs.org/@esbuild/darwin-arm64/-/darwin-arm64-0.16.4.tgz",
      "integrity": "sha512-a28X1O//aOfxwJVZVs7ZfM8Tyih2Za4nKJrBwW5Wm4yKsnwBy9aiS/xwpxiiTRttw3EaTg4Srerhcm6z0bu9Wg==",
      "dev": true,
      "optional": true
    },
    "@esbuild/darwin-x64": {
      "version": "0.16.4",
      "resolved": "https://registry.npmjs.org/@esbuild/darwin-x64/-/darwin-x64-0.16.4.tgz",
      "integrity": "sha512-e3doCr6Ecfwd7VzlaQqEPrnbvvPjE9uoTpxG5pyLzr2rI2NMjDHmvY1E5EO81O/e9TUOLLkXA5m6T8lfjK9yAA==",
      "dev": true,
      "optional": true
    },
    "@esbuild/freebsd-arm64": {
      "version": "0.16.4",
      "resolved": "https://registry.npmjs.org/@esbuild/freebsd-arm64/-/freebsd-arm64-0.16.4.tgz",
      "integrity": "sha512-Oup3G/QxBgvvqnXWrBed7xxkFNwAwJVHZcklWyQt7YCAL5bfUkaa6FVWnR78rNQiM8MqqLiT6ZTZSdUFuVIg1w==",
      "dev": true,
      "optional": true
    },
    "@esbuild/freebsd-x64": {
      "version": "0.16.4",
      "resolved": "https://registry.npmjs.org/@esbuild/freebsd-x64/-/freebsd-x64-0.16.4.tgz",
      "integrity": "sha512-vAP+eYOxlN/Bpo/TZmzEQapNS8W1njECrqkTpNgvXskkkJC2AwOXwZWai/Kc2vEFZUXQttx6UJbj9grqjD/+9Q==",
      "dev": true,
      "optional": true
    },
    "@esbuild/linux-arm": {
      "version": "0.16.4",
      "resolved": "https://registry.npmjs.org/@esbuild/linux-arm/-/linux-arm-0.16.4.tgz",
      "integrity": "sha512-A47ZmtpIPyERxkSvIv+zLd6kNIOtJH03XA0Hy7jaceRDdQaQVGSDt4mZqpWqJYgDk9rg96aglbF6kCRvPGDSUA==",
      "dev": true,
      "optional": true
    },
    "@esbuild/linux-arm64": {
      "version": "0.16.4",
      "resolved": "https://registry.npmjs.org/@esbuild/linux-arm64/-/linux-arm64-0.16.4.tgz",
      "integrity": "sha512-2zXoBhv4r5pZiyjBKrOdFP4CXOChxXiYD50LRUU+65DkdS5niPFHbboKZd/c81l0ezpw7AQnHeoCy5hFrzzs4g==",
      "dev": true,
      "optional": true
    },
    "@esbuild/linux-ia32": {
      "version": "0.16.4",
      "resolved": "https://registry.npmjs.org/@esbuild/linux-ia32/-/linux-ia32-0.16.4.tgz",
      "integrity": "sha512-uxdSrpe9wFhz4yBwt2kl2TxS/NWEINYBUFIxQtaEVtglm1eECvsj1vEKI0KX2k2wCe17zDdQ3v+jVxfwVfvvjw==",
      "dev": true,
      "optional": true
    },
    "@esbuild/linux-loong64": {
      "version": "0.16.4",
      "resolved": "https://registry.npmjs.org/@esbuild/linux-loong64/-/linux-loong64-0.16.4.tgz",
      "integrity": "sha512-peDrrUuxbZ9Jw+DwLCh/9xmZAk0p0K1iY5d2IcwmnN+B87xw7kujOkig6ZRcZqgrXgeRGurRHn0ENMAjjD5DEg==",
      "dev": true,
      "optional": true
    },
    "@esbuild/linux-mips64el": {
      "version": "0.16.4",
      "resolved": "https://registry.npmjs.org/@esbuild/linux-mips64el/-/linux-mips64el-0.16.4.tgz",
      "integrity": "sha512-sD9EEUoGtVhFjjsauWjflZklTNr57KdQ6xfloO4yH1u7vNQlOfAlhEzbyBKfgbJlW7rwXYBdl5/NcZ+Mg2XhQA==",
      "dev": true,
      "optional": true
    },
    "@esbuild/linux-ppc64": {
      "version": "0.16.4",
      "resolved": "https://registry.npmjs.org/@esbuild/linux-ppc64/-/linux-ppc64-0.16.4.tgz",
      "integrity": "sha512-X1HSqHUX9D+d0l6/nIh4ZZJ94eQky8d8z6yxAptpZE3FxCWYWvTDd9X9ST84MGZEJx04VYUD/AGgciddwO0b8g==",
      "dev": true,
      "optional": true
    },
    "@esbuild/linux-riscv64": {
      "version": "0.16.4",
      "resolved": "https://registry.npmjs.org/@esbuild/linux-riscv64/-/linux-riscv64-0.16.4.tgz",
      "integrity": "sha512-97ANpzyNp0GTXCt6SRdIx1ngwncpkV/z453ZuxbnBROCJ5p/55UjhbaG23UdHj88fGWLKPFtMoU4CBacz4j9FA==",
      "dev": true,
      "optional": true
    },
    "@esbuild/linux-s390x": {
      "version": "0.16.4",
      "resolved": "https://registry.npmjs.org/@esbuild/linux-s390x/-/linux-s390x-0.16.4.tgz",
      "integrity": "sha512-pUvPQLPmbEeJRPjP0DYTC1vjHyhrnCklQmCGYbipkep+oyfTn7GTBJXoPodR7ZS5upmEyc8lzAkn2o29wD786A==",
      "dev": true,
      "optional": true
    },
    "@esbuild/linux-x64": {
      "version": "0.16.4",
      "resolved": "https://registry.npmjs.org/@esbuild/linux-x64/-/linux-x64-0.16.4.tgz",
      "integrity": "sha512-N55Q0mJs3Sl8+utPRPBrL6NLYZKBCLLx0bme/+RbjvMforTGGzFvsRl4xLTZMUBFC1poDzBEPTEu5nxizQ9Nlw==",
      "dev": true,
      "optional": true
    },
    "@esbuild/netbsd-x64": {
      "version": "0.16.4",
      "resolved": "https://registry.npmjs.org/@esbuild/netbsd-x64/-/netbsd-x64-0.16.4.tgz",
      "integrity": "sha512-LHSJLit8jCObEQNYkgsDYBh2JrJT53oJO2HVdkSYLa6+zuLJh0lAr06brXIkljrlI+N7NNW1IAXGn/6IZPi3YQ==",
      "dev": true,
      "optional": true
    },
    "@esbuild/openbsd-x64": {
      "version": "0.16.4",
      "resolved": "https://registry.npmjs.org/@esbuild/openbsd-x64/-/openbsd-x64-0.16.4.tgz",
      "integrity": "sha512-nLgdc6tWEhcCFg/WVFaUxHcPK3AP/bh+KEwKtl69Ay5IBqUwKDaq/6Xk0E+fh/FGjnLwqFSsarsbPHeKM8t8Sw==",
      "dev": true,
      "optional": true
    },
    "@esbuild/sunos-x64": {
      "version": "0.16.4",
      "resolved": "https://registry.npmjs.org/@esbuild/sunos-x64/-/sunos-x64-0.16.4.tgz",
      "integrity": "sha512-08SluG24GjPO3tXKk95/85n9kpyZtXCVwURR2i4myhrOfi3jspClV0xQQ0W0PYWHioJj+LejFMt41q+PG3mlAQ==",
      "dev": true,
      "optional": true
    },
    "@esbuild/win32-arm64": {
      "version": "0.16.4",
      "resolved": "https://registry.npmjs.org/@esbuild/win32-arm64/-/win32-arm64-0.16.4.tgz",
      "integrity": "sha512-yYiRDQcqLYQSvNQcBKN7XogbrSvBE45FEQdH8fuXPl7cngzkCvpsG2H9Uey39IjQ6gqqc+Q4VXYHsQcKW0OMjQ==",
      "dev": true,
      "optional": true
    },
    "@esbuild/win32-ia32": {
      "version": "0.16.4",
      "resolved": "https://registry.npmjs.org/@esbuild/win32-ia32/-/win32-ia32-0.16.4.tgz",
      "integrity": "sha512-5rabnGIqexekYkh9zXG5waotq8mrdlRoBqAktjx2W3kb0zsI83mdCwrcAeKYirnUaTGztR5TxXcXmQrEzny83w==",
      "dev": true,
      "optional": true
    },
    "@esbuild/win32-x64": {
      "version": "0.16.4",
      "resolved": "https://registry.npmjs.org/@esbuild/win32-x64/-/win32-x64-0.16.4.tgz",
      "integrity": "sha512-sN/I8FMPtmtT2Yw+Dly8Ur5vQ5a/RmC8hW7jO9PtPSQUPkowxWpcUZnqOggU7VwyT3Xkj6vcXWd3V/qTXwultQ==",
      "dev": true,
      "optional": true
    },
    "automation-events": {
      "version": "4.0.12",
      "resolved": "https://registry.npmjs.org/automation-events/-/automation-events-4.0.12.tgz",
      "integrity": "sha512-7tu7q/rw3vFuAwjBoarCGql3V0HkC5QAbZUYhOblxxkHzdLUTjVotm0iaIRwiCSqxMeoFK64LrgaSCuSZguvGA==",
      "requires": {
        "@babel/runtime": "^7.16.7",
        "tslib": "^2.3.1"
      }
    },
    "broker-factory": {
      "version": "3.0.57",
      "resolved": "https://registry.npmjs.org/broker-factory/-/broker-factory-3.0.57.tgz",
      "integrity": "sha512-+7WZeIMjY9fP9CS5Qw9SN1bx+oFQyWRHtfYlIZDTSGpdplJiH232UNpr0vKgnSFEEV8J22ucH3AA6p8BooB0fw==",
      "requires": {
        "@babel/runtime": "^7.16.7",
        "fast-unique-numbers": "^6.0.11",
        "tslib": "^2.3.1",
        "worker-factory": "^6.0.57"
      }
    },
    "compilerr": {
      "version": "9.0.12",
      "resolved": "https://registry.npmjs.org/compilerr/-/compilerr-9.0.12.tgz",
      "integrity": "sha512-3cDQLziEkZNdQ1JfLvQd1iErcj4Nmh7C65Cuf1BUC7KSVbRvz4KwoAD2avRSY7YDXBCwBZNLqCWYsMxnYEphYw==",
      "requires": {
        "@babel/runtime": "^7.17.0",
        "dashify": "^2.0.0",
        "indefinite-article": "0.0.2",
        "tslib": "^2.3.1"
      }
    },
    "dashify": {
      "version": "2.0.0",
      "resolved": "https://registry.npmjs.org/dashify/-/dashify-2.0.0.tgz",
      "integrity": "sha512-hpA5C/YrPjucXypHPPc0oJ1l9Hf6wWbiOL7Ik42cxnsUOhWiCB/fylKbKqqJalW9FgkNQCw16YO8uW9Hs0Iy1A=="
    },
    "esbuild": {
      "version": "0.16.4",
      "resolved": "https://registry.npmjs.org/esbuild/-/esbuild-0.16.4.tgz",
      "integrity": "sha512-qQrPMQpPTWf8jHugLWHoGqZjApyx3OEm76dlTXobHwh/EBbavbRdjXdYi/GWr43GyN0sfpap14GPkb05NH3ROA==",
      "dev": true,
      "requires": {
        "@esbuild/android-arm": "0.16.4",
        "@esbuild/android-arm64": "0.16.4",
        "@esbuild/android-x64": "0.16.4",
        "@esbuild/darwin-arm64": "0.16.4",
        "@esbuild/darwin-x64": "0.16.4",
        "@esbuild/freebsd-arm64": "0.16.4",
        "@esbuild/freebsd-x64": "0.16.4",
        "@esbuild/linux-arm": "0.16.4",
        "@esbuild/linux-arm64": "0.16.4",
        "@esbuild/linux-ia32": "0.16.4",
        "@esbuild/linux-loong64": "0.16.4",
        "@esbuild/linux-mips64el": "0.16.4",
        "@esbuild/linux-ppc64": "0.16.4",
        "@esbuild/linux-riscv64": "0.16.4",
        "@esbuild/linux-s390x": "0.16.4",
        "@esbuild/linux-x64": "0.16.4",
        "@esbuild/netbsd-x64": "0.16.4",
        "@esbuild/openbsd-x64": "0.16.4",
        "@esbuild/sunos-x64": "0.16.4",
        "@esbuild/win32-arm64": "0.16.4",
        "@esbuild/win32-ia32": "0.16.4",
        "@esbuild/win32-x64": "0.16.4"
      }
    },
    "extendable-media-recorder": {
      "version": "6.5.16",
      "resolved": "https://registry.npmjs.org/extendable-media-recorder/-/extendable-media-recorder-6.5.16.tgz",
      "integrity": "sha512-1C6A46/cjCtm7SyZ5BF6bGE9IzlE2W5wORB3Gbgf5mE6C51s15T0eo0+25AtDu6GnSzY5uZXYUIjOeeZwDscSg==",
      "requires": {
        "@babel/runtime": "^7.16.7",
        "media-encoder-host": "^8.0.66",
        "multi-buffer-data-view": "^3.0.12",
        "recorder-audio-worklet": "^5.1.16",
        "standardized-audio-context": "^25.3.19",
        "subscribable-things": "^2.0.6",
        "tslib": "^2.3.1"
      }
    },
    "extendable-media-recorder-wav-encoder": {
      "version": "7.0.65",
      "resolved": "https://registry.npmjs.org/extendable-media-recorder-wav-encoder/-/extendable-media-recorder-wav-encoder-7.0.65.tgz",
      "integrity": "sha512-gW/LGX6fGga6iAmOwVPqA+UAlk8L/YR55a59eo1/R9zH2EqZK2ZomTdxA3Vl9LoTq/uXfRzS4TKJug2dWYDfPA==",
      "requires": {
        "@babel/runtime": "^7.16.7",
        "extendable-media-recorder-wav-encoder-broker": "^7.0.58",
        "extendable-media-recorder-wav-encoder-worker": "^8.0.57",
        "tslib": "^2.3.1"
      }
    },
    "extendable-media-recorder-wav-encoder-broker": {
      "version": "7.0.58",
      "resolved": "https://registry.npmjs.org/extendable-media-recorder-wav-encoder-broker/-/extendable-media-recorder-wav-encoder-broker-7.0.58.tgz",
      "integrity": "sha512-NEPwTOuYewtfqlV2fScW8/Jqa3XVLZlEneVZea3ie6ddou/4VnTfL35JQ0obnRxsSRTwgWQbMiM+TFLeV8TWwQ==",
      "requires": {
        "@babel/runtime": "^7.16.7",
        "broker-factory": "^3.0.57",
        "extendable-media-recorder-wav-encoder-worker": "^8.0.57",
        "tslib": "^2.3.1"
      }
    },
    "extendable-media-recorder-wav-encoder-worker": {
      "version": "8.0.57",
      "resolved": "https://registry.npmjs.org/extendable-media-recorder-wav-encoder-worker/-/extendable-media-recorder-wav-encoder-worker-8.0.57.tgz",
      "integrity": "sha512-3Z7pg4LAGr2p67tiqYmRFyOC0wCIhtpX6H3fUHQfMAtMsYGElYqUhxOPeitVNOSeQjp4fzr7iksteJbURhCVKA==",
      "requires": {
        "@babel/runtime": "^7.16.7",
        "tslib": "^2.3.1",
        "worker-factory": "^6.0.57"
      }
    },
    "fast-unique-numbers": {
      "version": "6.0.12",
      "resolved": "https://registry.npmjs.org/fast-unique-numbers/-/fast-unique-numbers-6.0.12.tgz",
      "integrity": "sha512-HIY5gqgeKPMZRDhs9o66ZE/hstN/AVKjeqy77QJCB7n6DoBy9cdN1PaTDKhXkcsy8nfes15GCU9t1xHLPO7Ofw==",
      "requires": {
        "@babel/runtime": "^7.17.0",
        "tslib": "^2.3.1"
      }
    },
    "indefinite-article": {
      "version": "0.0.2",
      "resolved": "https://registry.npmjs.org/indefinite-article/-/indefinite-article-0.0.2.tgz",
      "integrity": "sha1-S8hVJXBmz6th6mi+unXRANbiUGs="
    },
    "media-encoder-host": {
      "version": "8.0.66",
      "resolved": "https://registry.npmjs.org/media-encoder-host/-/media-encoder-host-8.0.66.tgz",
      "integrity": "sha512-zEbDu8wY4POG+wuUA3I0gOkhk0Wqh8hIFMJr0xXXdAQhIY8Jgowgq2uPo3HfCkkaYkQ/HYqXUqE/L/Vf6Py8jw==",
      "requires": {
        "@babel/runtime": "^7.16.7",
        "media-encoder-host-broker": "^7.0.58",
        "media-encoder-host-worker": "^9.0.59",
        "tslib": "^2.3.1"
      }
    },
    "media-encoder-host-broker": {
      "version": "7.0.58",
      "resolved": "https://registry.npmjs.org/media-encoder-host-broker/-/media-encoder-host-broker-7.0.58.tgz",
      "integrity": "sha512-S9TLcj9x2t8QUUE4AN09yjzOod9eMYKz91hDKEnBn8f1v2w59M7q4m4moH8owb9RZvAo3fqXC+344xS2GEUFHA==",
      "requires": {
        "@babel/runtime": "^7.16.7",
        "broker-factory": "^3.0.57",
        "fast-unique-numbers": "^6.0.11",
        "media-encoder-host-worker": "^9.0.59",
        "tslib": "^2.3.1"
      }
    },
    "media-encoder-host-worker": {
      "version": "9.0.59",
      "resolved": "https://registry.npmjs.org/media-encoder-host-worker/-/media-encoder-host-worker-9.0.59.tgz",
      "integrity": "sha512-H0w/14QaW9zuTknokzAQAeHyVY+fePCRwfDXo5Ng1PTqNvpJIuoeCNtSgkmyYk77Lbq6tHpxbFdCaEs4kXfBIg==",
      "requires": {
        "@babel/runtime": "^7.16.7",
        "extendable-media-recorder-wav-encoder-broker": "^7.0.58",
        "tslib": "^2.3.1",
        "worker-factory": "^6.0.57"
      }
    },
    "multi-buffer-data-view": {
      "version": "3.0.12",
      "resolved": "https://registry.npmjs.org/multi-buffer-data-view/-/multi-buffer-data-view-3.0.12.tgz",
      "integrity": "sha512-iTc22QQ/xkU7JxAsmXhARPG0yIrsKZUzSfKpXIMF96vSocI5H/dhIaMVTytM2GpgSfy4ouQOQ1rB0HvlenqGgw==",
      "requires": {
        "@babel/runtime": "^7.16.7",
        "tslib": "^2.3.1"
      }
    },
    "preact": {
      "version": "10.6.6",
      "resolved": "https://registry.npmjs.org/preact/-/preact-10.6.6.tgz",
      "integrity": "sha512-dgxpTFV2vs4vizwKohYKkk7g7rmp1wOOcfd4Tz3IB3Wi+ivZzsn/SpeKJhRENSE+n8sUfsAl4S3HiCVT923ABw=="
    },
    "recorder-audio-worklet": {
      "version": "5.1.16",
      "resolved": "https://registry.npmjs.org/recorder-audio-worklet/-/recorder-audio-worklet-5.1.16.tgz",
      "integrity": "sha512-1sBUv9fZd/Dng+I1IYNNi/WgLLV5hVsUe26gmczjI1VV3mIZJWLfkAD8gJPwthB9yHv/DA/olUIRVKJSqUNa+Q==",
      "requires": {
        "@babel/runtime": "^7.16.7",
        "broker-factory": "^3.0.57",
        "fast-unique-numbers": "^6.0.11",
        "recorder-audio-worklet-processor": "^4.2.7",
        "standardized-audio-context": "^25.3.19",
        "subscribable-things": "^2.0.6",
        "tslib": "^2.3.1",
        "worker-factory": "^6.0.57"
      }
    },
    "recorder-audio-worklet-processor": {
      "version": "4.2.7",
      "resolved": "https://registry.npmjs.org/recorder-audio-worklet-processor/-/recorder-audio-worklet-processor-4.2.7.tgz",
      "integrity": "sha512-Jyv8jOkB7lMN6Pxtln/3z2Le1yFqL8Y392MTYnhWNPiYTtz6xeKmMjPLiOLwDdx89xQi7IGLLzVOkrDhW95T6Q==",
      "requires": {
        "@babel/runtime": "^7.16.7",
        "tslib": "^2.3.1"
      }
    },
    "regenerator-runtime": {
      "version": "0.13.9",
      "resolved": "https://registry.npmjs.org/regenerator-runtime/-/regenerator-runtime-0.13.9.tgz",
      "integrity": "sha512-p3VT+cOEgxFsRRA9X4lkI1E+k2/CtnKtU4gcxyaCUreilL/vqI6CdZ3wxVUx3UOUg+gnUOQQcRI7BmSI656MYA=="
    },
    "rxjs-interop": {
      "version": "2.0.0",
      "resolved": "https://registry.npmjs.org/rxjs-interop/-/rxjs-interop-2.0.0.tgz",
      "integrity": "sha512-ASEq9atUw7lualXB+knvgtvwkCEvGWV2gDD/8qnASzBkzEARZck9JAyxmY8OS6Nc1pCPEgDTKNcx+YqqYfzArw=="
    },
    "standardized-audio-context": {
      "version": "25.3.20",
      "resolved": "https://registry.npmjs.org/standardized-audio-context/-/standardized-audio-context-25.3.20.tgz",
      "integrity": "sha512-c6eMQXmN7iDS7ROuSqOrHQhxpazerJSnRHEJiKD8YkruZBTt/a5E7zmk+KkStoi0dohFAod8wvwWxc7S1gmdig==",
      "requires": {
        "@babel/runtime": "^7.17.0",
        "automation-events": "^4.0.12",
        "tslib": "^2.3.1"
      }
    },
    "subscribable-things": {
      "version": "2.0.8",
      "resolved": "https://registry.npmjs.org/subscribable-things/-/subscribable-things-2.0.8.tgz",
      "integrity": "sha512-bKHb41kjNETnsZwGoH05Z2evu/6myk/pfC1GxK/3jpSq7Y4lDqUKY/Y29gIrWjT0kXG0lfbqbBjhilxEl6Bpfg==",
      "requires": {
        "@babel/runtime": "^7.17.0",
        "rxjs-interop": "^2.0.0",
        "tslib": "^2.3.1"
      }
    },
    "three": {
      "version": "0.136.0",
      "resolved": "https://registry.npmjs.org/three/-/three-0.136.0.tgz",
      "integrity": "sha512-+fEMX7nYLz2ZesVP/dyifli5Jf8gR3XPAnFJveQ80aMhibFduzrADnjMbARXh8+W9qLK7rshJCjAIL/6cDxC+A=="
    },
    "tslib": {
      "version": "2.3.1",
      "resolved": "https://registry.npmjs.org/tslib/-/tslib-2.3.1.tgz",
      "integrity": "sha512-77EbyPPpMz+FRFRuAFlWMtmgUWGe9UOG2Z25NqCwiIjRhOf5iKGuzSe5P2w1laq+FkRy4p+PCuVkJSGkzTEKVw=="
    },
    "worker-factory": {
      "version": "6.0.58",
      "resolved": "https://registry.npmjs.org/worker-factory/-/worker-factory-6.0.58.tgz",
      "integrity": "sha512-qNB72IJZ7S51vwoDY2S6Prba6bPRGKrGbetVXNBekWDheH3pLawu+NRizi/H2WriDd3xU9EAORF9ym+xk6g8nQ==",
      "requires": {
        "@babel/runtime": "^7.17.0",
        "compilerr": "^9.0.12",
        "fast-unique-numbers": "^6.0.12",
        "tslib": "^2.3.1"
      }
    }
  }
}
