{
  "name": "HeReTiFy",
  "lockfileVersion": 2,
  "requires": true,
  "packages": {
    "": {
      "dependencies": {
        "extendable-media-recorder": "^6.5.16",
        "extendable-media-recorder-wav-encoder": "^7.0.65",
        "preact": "^10.6.6",
        "three": "^0.136.0"
      },
      "devDependencies": {
        "esbuild": "^0.14.48"
      }
    },
    "node_modules/@babel/runtime": {
      "version": "7.17.0",
      "resolved": "https://registry.npmjs.org/@babel/runtime/-/runtime-7.17.0.tgz",
      "integrity": "sha512-etcO/ohMNaNA2UBdaXBBSX/3aEzFMRrVfaPv8Ptc0k+cWpWW0QFiGZ2XnVqQZI1Cf734LbPGmqBKWESfW4x/dQ==",
      "dependencies": {
        "regenerator-runtime": "^0.13.4"
      },
      "engines": {
        "node": ">=6.9.0"
      }
    },
    "node_modules/automation-events": {
      "version": "4.0.12",
      "resolved": "https://registry.npmjs.org/automation-events/-/automation-events-4.0.12.tgz",
      "integrity": "sha512-7tu7q/rw3vFuAwjBoarCGql3V0HkC5QAbZUYhOblxxkHzdLUTjVotm0iaIRwiCSqxMeoFK64LrgaSCuSZguvGA==",
      "dependencies": {
        "@babel/runtime": "^7.16.7",
        "tslib": "^2.3.1"
      },
      "engines": {
        "node": ">=12.20.1"
      }
    },
    "node_modules/broker-factory": {
      "version": "3.0.57",
      "resolved": "https://registry.npmjs.org/broker-factory/-/broker-factory-3.0.57.tgz",
      "integrity": "sha512-+7WZeIMjY9fP9CS5Qw9SN1bx+oFQyWRHtfYlIZDTSGpdplJiH232UNpr0vKgnSFEEV8J22ucH3AA6p8BooB0fw==",
      "dependencies": {
        "@babel/runtime": "^7.16.7",
        "fast-unique-numbers": "^6.0.11",
        "tslib": "^2.3.1",
        "worker-factory": "^6.0.57"
      }
    },
    "node_modules/compilerr": {
      "version": "9.0.12",
      "resolved": "https://registry.npmjs.org/compilerr/-/compilerr-9.0.12.tgz",
      "integrity": "sha512-3cDQLziEkZNdQ1JfLvQd1iErcj4Nmh7C65Cuf1BUC7KSVbRvz4KwoAD2avRSY7YDXBCwBZNLqCWYsMxnYEphYw==",
      "dependencies": {
        "@babel/runtime": "^7.17.0",
        "dashify": "^2.0.0",
        "indefinite-article": "0.0.2",
        "tslib": "^2.3.1"
      },
      "engines": {
        "node": ">=12.20.1"
      }
    },
    "node_modules/dashify": {
      "version": "2.0.0",
      "resolved": "https://registry.npmjs.org/dashify/-/dashify-2.0.0.tgz",
      "integrity": "sha512-hpA5C/YrPjucXypHPPc0oJ1l9Hf6wWbiOL7Ik42cxnsUOhWiCB/fylKbKqqJalW9FgkNQCw16YO8uW9Hs0Iy1A==",
      "engines": {
        "node": ">=4"
      }
    },
    "node_modules/esbuild": {
      "version": "0.14.48",
      "resolved": "https://registry.npmjs.org/esbuild/-/esbuild-0.14.48.tgz",
      "integrity": "sha512-w6N1Yn5MtqK2U1/WZTX9ZqUVb8IOLZkZ5AdHkT6x3cHDMVsYWC7WPdiLmx19w3i4Rwzy5LqsEMtVihG3e4rFzA==",
      "dev": true,
      "hasInstallScript": true,
      "bin": {
        "esbuild": "bin/esbuild"
      },
      "engines": {
        "node": ">=12"
      },
      "optionalDependencies": {
        "esbuild-android-64": "0.14.48",
        "esbuild-android-arm64": "0.14.48",
        "esbuild-darwin-64": "0.14.48",
        "esbuild-darwin-arm64": "0.14.48",
        "esbuild-freebsd-64": "0.14.48",
        "esbuild-freebsd-arm64": "0.14.48",
        "esbuild-linux-32": "0.14.48",
        "esbuild-linux-64": "0.14.48",
        "esbuild-linux-arm": "0.14.48",
        "esbuild-linux-arm64": "0.14.48",
        "esbuild-linux-mips64le": "0.14.48",
        "esbuild-linux-ppc64le": "0.14.48",
        "esbuild-linux-riscv64": "0.14.48",
        "esbuild-linux-s390x": "0.14.48",
        "esbuild-netbsd-64": "0.14.48",
        "esbuild-openbsd-64": "0.14.48",
        "esbuild-sunos-64": "0.14.48",
        "esbuild-windows-32": "0.14.48",
        "esbuild-windows-64": "0.14.48",
        "esbuild-windows-arm64": "0.14.48"
      }
    },
    "node_modules/esbuild-android-64": {
      "version": "0.14.48",
      "resolved": "https://registry.npmjs.org/esbuild-android-64/-/esbuild-android-64-0.14.48.tgz",
      "integrity": "sha512-3aMjboap/kqwCUpGWIjsk20TtxVoKck8/4Tu19rubh7t5Ra0Yrpg30Mt1QXXlipOazrEceGeWurXKeFJgkPOUg==",
      "cpu": [
        "x64"
      ],
      "dev": true,
      "optional": true,
      "os": [
        "android"
      ],
      "engines": {
        "node": ">=12"
      }
    },
    "node_modules/esbuild-android-arm64": {
      "version": "0.14.48",
      "resolved": "https://registry.npmjs.org/esbuild-android-arm64/-/esbuild-android-arm64-0.14.48.tgz",
      "integrity": "sha512-vptI3K0wGALiDq+EvRuZotZrJqkYkN5282iAfcffjI5lmGG9G1ta/CIVauhY42MBXwEgDJkweiDcDMRLzBZC4g==",
      "cpu": [
        "arm64"
      ],
      "dev": true,
      "optional": true,
      "os": [
        "android"
      ],
      "engines": {
        "node": ">=12"
      }
    },
    "node_modules/esbuild-darwin-64": {
      "version": "0.14.48",
      "resolved": "https://registry.npmjs.org/esbuild-darwin-64/-/esbuild-darwin-64-0.14.48.tgz",
      "integrity": "sha512-gGQZa4+hab2Va/Zww94YbshLuWteyKGD3+EsVon8EWTWhnHFRm5N9NbALNbwi/7hQ/hM1Zm4FuHg+k6BLsl5UA==",
      "cpu": [
        "x64"
      ],
      "dev": true,
      "optional": true,
      "os": [
        "darwin"
      ],
      "engines": {
        "node": ">=12"
      }
    },
    "node_modules/esbuild-darwin-arm64": {
      "version": "0.14.48",
      "resolved": "https://registry.npmjs.org/esbuild-darwin-arm64/-/esbuild-darwin-arm64-0.14.48.tgz",
      "integrity": "sha512-bFjnNEXjhZT+IZ8RvRGNJthLWNHV5JkCtuOFOnjvo5pC0sk2/QVk0Qc06g2PV3J0TcU6kaPC3RN9yy9w2PSLEA==",
      "cpu": [
        "arm64"
      ],
      "dev": true,
      "optional": true,
      "os": [
        "darwin"
      ],
      "engines": {
        "node": ">=12"
      }
    },
    "node_modules/esbuild-freebsd-64": {
      "version": "0.14.48",
      "resolved": "https://registry.npmjs.org/esbuild-freebsd-64/-/esbuild-freebsd-64-0.14.48.tgz",
      "integrity": "sha512-1NOlwRxmOsnPcWOGTB10JKAkYSb2nue0oM1AfHWunW/mv3wERfJmnYlGzL3UAOIUXZqW8GeA2mv+QGwq7DToqA==",
      "cpu": [
        "x64"
      ],
      "dev": true,
      "optional": true,
      "os": [
        "freebsd"
      ],
      "engines": {
        "node": ">=12"
      }
    },
    "node_modules/esbuild-freebsd-arm64": {
      "version": "0.14.48",
      "resolved": "https://registry.npmjs.org/esbuild-freebsd-arm64/-/esbuild-freebsd-arm64-0.14.48.tgz",
      "integrity": "sha512-gXqKdO8wabVcYtluAbikDH2jhXp+Klq5oCD5qbVyUG6tFiGhrC9oczKq3vIrrtwcxDQqK6+HDYK8Zrd4bCA9Gw==",
      "cpu": [
        "arm64"
      ],
      "dev": true,
      "optional": true,
      "os": [
        "freebsd"
      ],
      "engines": {
        "node": ">=12"
      }
    },
    "node_modules/esbuild-linux-32": {
      "version": "0.14.48",
      "resolved": "https://registry.npmjs.org/esbuild-linux-32/-/esbuild-linux-32-0.14.48.tgz",
      "integrity": "sha512-ghGyDfS289z/LReZQUuuKq9KlTiTspxL8SITBFQFAFRA/IkIvDpnZnCAKTCjGXAmUqroMQfKJXMxyjJA69c/nQ==",
      "cpu": [
        "ia32"
      ],
      "dev": true,
      "optional": true,
      "os": [
        "linux"
      ],
      "engines": {
        "node": ">=12"
      }
    },
    "node_modules/esbuild-linux-64": {
      "version": "0.14.48",
      "resolved": "https://registry.npmjs.org/esbuild-linux-64/-/esbuild-linux-64-0.14.48.tgz",
      "integrity": "sha512-vni3p/gppLMVZLghI7oMqbOZdGmLbbKR23XFARKnszCIBpEMEDxOMNIKPmMItQrmH/iJrL1z8Jt2nynY0bE1ug==",
      "cpu": [
        "x64"
      ],
      "dev": true,
      "optional": true,
      "os": [
        "linux"
      ],
      "engines": {
        "node": ">=12"
      }
    },
    "node_modules/esbuild-linux-arm": {
      "version": "0.14.48",
      "resolved": "https://registry.npmjs.org/esbuild-linux-arm/-/esbuild-linux-arm-0.14.48.tgz",
      "integrity": "sha512-+VfSV7Akh1XUiDNXgqgY1cUP1i2vjI+BmlyXRfVz5AfV3jbpde8JTs5Q9sYgaoq5cWfuKfoZB/QkGOI+QcL1Tw==",
      "cpu": [
        "arm"
      ],
      "dev": true,
      "optional": true,
      "os": [
        "linux"
      ],
      "engines": {
        "node": ">=12"
      }
    },
    "node_modules/esbuild-linux-arm64": {
      "version": "0.14.48",
      "resolved": "https://registry.npmjs.org/esbuild-linux-arm64/-/esbuild-linux-arm64-0.14.48.tgz",
      "integrity": "sha512-3CFsOlpoxlKPRevEHq8aAntgYGYkE1N9yRYAcPyng/p4Wyx0tPR5SBYsxLKcgPB9mR8chHEhtWYz6EZ+H199Zw==",
      "cpu": [
        "arm64"
      ],
      "dev": true,
      "optional": true,
      "os": [
        "linux"
      ],
      "engines": {
        "node": ">=12"
      }
    },
    "node_modules/esbuild-linux-mips64le": {
      "version": "0.14.48",
      "resolved": "https://registry.npmjs.org/esbuild-linux-mips64le/-/esbuild-linux-mips64le-0.14.48.tgz",
      "integrity": "sha512-cs0uOiRlPp6ymknDnjajCgvDMSsLw5mST2UXh+ZIrXTj2Ifyf2aAP3Iw4DiqgnyYLV2O/v/yWBJx+WfmKEpNLA==",
      "cpu": [
        "mips64el"
      ],
      "dev": true,
      "optional": true,
      "os": [
        "linux"
      ],
      "engines": {
        "node": ">=12"
      }
    },
    "node_modules/esbuild-linux-ppc64le": {
      "version": "0.14.48",
      "resolved": "https://registry.npmjs.org/esbuild-linux-ppc64le/-/esbuild-linux-ppc64le-0.14.48.tgz",
      "integrity": "sha512-+2F0vJMkuI0Wie/wcSPDCqXvSFEELH7Jubxb7mpWrA/4NpT+/byjxDz0gG6R1WJoeDefcrMfpBx4GFNN1JQorQ==",
      "cpu": [
        "ppc64"
      ],
      "dev": true,
      "optional": true,
      "os": [
        "linux"
      ],
      "engines": {
        "node": ">=12"
      }
    },
    "node_modules/esbuild-linux-riscv64": {
      "version": "0.14.48",
      "resolved": "https://registry.npmjs.org/esbuild-linux-riscv64/-/esbuild-linux-riscv64-0.14.48.tgz",
      "integrity": "sha512-BmaK/GfEE+5F2/QDrIXteFGKnVHGxlnK9MjdVKMTfvtmudjY3k2t8NtlY4qemKSizc+QwyombGWTBDc76rxePA==",
      "cpu": [
        "riscv64"
      ],
      "dev": true,
      "optional": true,
      "os": [
        "linux"
      ],
      "engines": {
        "node": ">=12"
      }
    },
    "node_modules/esbuild-linux-s390x": {
      "version": "0.14.48",
      "resolved": "https://registry.npmjs.org/esbuild-linux-s390x/-/esbuild-linux-s390x-0.14.48.tgz",
      "integrity": "sha512-tndw/0B9jiCL+KWKo0TSMaUm5UWBLsfCKVdbfMlb3d5LeV9WbijZ8Ordia8SAYv38VSJWOEt6eDCdOx8LqkC4g==",
      "cpu": [
        "s390x"
      ],
      "dev": true,
      "optional": true,
      "os": [
        "linux"
      ],
      "engines": {
        "node": ">=12"
      }
    },
    "node_modules/esbuild-netbsd-64": {
      "version": "0.14.48",
      "resolved": "https://registry.npmjs.org/esbuild-netbsd-64/-/esbuild-netbsd-64-0.14.48.tgz",
      "integrity": "sha512-V9hgXfwf/T901Lr1wkOfoevtyNkrxmMcRHyticybBUHookznipMOHoF41Al68QBsqBxnITCEpjjd4yAos7z9Tw==",
      "cpu": [
        "x64"
      ],
      "dev": true,
      "optional": true,
      "os": [
        "netbsd"
      ],
      "engines": {
        "node": ">=12"
      }
    },
    "node_modules/esbuild-openbsd-64": {
      "version": "0.14.48",
      "resolved": "https://registry.npmjs.org/esbuild-openbsd-64/-/esbuild-openbsd-64-0.14.48.tgz",
      "integrity": "sha512-+IHf4JcbnnBl4T52egorXMatil/za0awqzg2Vy6FBgPcBpisDWT2sVz/tNdrK9kAqj+GZG/jZdrOkj7wsrNTKA==",
      "cpu": [
        "x64"
      ],
      "dev": true,
      "optional": true,
      "os": [
        "openbsd"
      ],
      "engines": {
        "node": ">=12"
      }
    },
    "node_modules/esbuild-sunos-64": {
      "version": "0.14.48",
      "resolved": "https://registry.npmjs.org/esbuild-sunos-64/-/esbuild-sunos-64-0.14.48.tgz",
      "integrity": "sha512-77m8bsr5wOpOWbGi9KSqDphcq6dFeJyun8TA+12JW/GAjyfTwVtOnN8DOt6DSPUfEV+ltVMNqtXUeTeMAxl5KA==",
      "cpu": [
        "x64"
      ],
      "dev": true,
      "optional": true,
      "os": [
        "sunos"
      ],
      "engines": {
        "node": ">=12"
      }
    },
    "node_modules/esbuild-windows-32": {
      "version": "0.14.48",
      "resolved": "https://registry.npmjs.org/esbuild-windows-32/-/esbuild-windows-32-0.14.48.tgz",
      "integrity": "sha512-EPgRuTPP8vK9maxpTGDe5lSoIBHGKO/AuxDncg5O3NkrPeLNdvvK8oywB0zGaAZXxYWfNNSHskvvDgmfVTguhg==",
      "cpu": [
        "ia32"
      ],
      "dev": true,
      "optional": true,
      "os": [
        "win32"
      ],
      "engines": {
        "node": ">=12"
      }
    },
    "node_modules/esbuild-windows-64": {
      "version": "0.14.48",
      "resolved": "https://registry.npmjs.org/esbuild-windows-64/-/esbuild-windows-64-0.14.48.tgz",
      "integrity": "sha512-YmpXjdT1q0b8ictSdGwH3M8VCoqPpK1/UArze3X199w6u8hUx3V8BhAi1WjbsfDYRBanVVtduAhh2sirImtAvA==",
      "cpu": [
        "x64"
      ],
      "dev": true,
      "optional": true,
      "os": [
        "win32"
      ],
      "engines": {
        "node": ">=12"
      }
    },
    "node_modules/esbuild-windows-arm64": {
      "version": "0.14.48",
      "resolved": "https://registry.npmjs.org/esbuild-windows-arm64/-/esbuild-windows-arm64-0.14.48.tgz",
      "integrity": "sha512-HHaOMCsCXp0rz5BT2crTka6MPWVno121NKApsGs/OIW5QC0ggC69YMGs1aJct9/9FSUF4A1xNE/cLvgB5svR4g==",
      "cpu": [
        "arm64"
      ],
      "dev": true,
      "optional": true,
      "os": [
        "win32"
      ],
      "engines": {
        "node": ">=12"
      }
    },
    "node_modules/extendable-media-recorder": {
      "version": "6.5.16",
      "resolved": "https://registry.npmjs.org/extendable-media-recorder/-/extendable-media-recorder-6.5.16.tgz",
      "integrity": "sha512-1C6A46/cjCtm7SyZ5BF6bGE9IzlE2W5wORB3Gbgf5mE6C51s15T0eo0+25AtDu6GnSzY5uZXYUIjOeeZwDscSg==",
      "dependencies": {
        "@babel/runtime": "^7.16.7",
        "media-encoder-host": "^8.0.66",
        "multi-buffer-data-view": "^3.0.12",
        "recorder-audio-worklet": "^5.1.16",
        "standardized-audio-context": "^25.3.19",
        "subscribable-things": "^2.0.6",
        "tslib": "^2.3.1"
      }
    },
    "node_modules/extendable-media-recorder-wav-encoder": {
      "version": "7.0.65",
      "resolved": "https://registry.npmjs.org/extendable-media-recorder-wav-encoder/-/extendable-media-recorder-wav-encoder-7.0.65.tgz",
      "integrity": "sha512-gW/LGX6fGga6iAmOwVPqA+UAlk8L/YR55a59eo1/R9zH2EqZK2ZomTdxA3Vl9LoTq/uXfRzS4TKJug2dWYDfPA==",
      "dependencies": {
        "@babel/runtime": "^7.16.7",
        "extendable-media-recorder-wav-encoder-broker": "^7.0.58",
        "extendable-media-recorder-wav-encoder-worker": "^8.0.57",
        "tslib": "^2.3.1"
      }
    },
    "node_modules/extendable-media-recorder-wav-encoder-broker": {
      "version": "7.0.58",
      "resolved": "https://registry.npmjs.org/extendable-media-recorder-wav-encoder-broker/-/extendable-media-recorder-wav-encoder-broker-7.0.58.tgz",
      "integrity": "sha512-NEPwTOuYewtfqlV2fScW8/Jqa3XVLZlEneVZea3ie6ddou/4VnTfL35JQ0obnRxsSRTwgWQbMiM+TFLeV8TWwQ==",
      "dependencies": {
        "@babel/runtime": "^7.16.7",
        "broker-factory": "^3.0.57",
        "extendable-media-recorder-wav-encoder-worker": "^8.0.57",
        "tslib": "^2.3.1"
      }
    },
    "node_modules/extendable-media-recorder-wav-encoder-worker": {
      "version": "8.0.57",
      "resolved": "https://registry.npmjs.org/extendable-media-recorder-wav-encoder-worker/-/extendable-media-recorder-wav-encoder-worker-8.0.57.tgz",
      "integrity": "sha512-3Z7pg4LAGr2p67tiqYmRFyOC0wCIhtpX6H3fUHQfMAtMsYGElYqUhxOPeitVNOSeQjp4fzr7iksteJbURhCVKA==",
      "dependencies": {
        "@babel/runtime": "^7.16.7",
        "tslib": "^2.3.1",
        "worker-factory": "^6.0.57"
      }
    },
    "node_modules/fast-unique-numbers": {
      "version": "6.0.12",
      "resolved": "https://registry.npmjs.org/fast-unique-numbers/-/fast-unique-numbers-6.0.12.tgz",
      "integrity": "sha512-HIY5gqgeKPMZRDhs9o66ZE/hstN/AVKjeqy77QJCB7n6DoBy9cdN1PaTDKhXkcsy8nfes15GCU9t1xHLPO7Ofw==",
      "dependencies": {
        "@babel/runtime": "^7.17.0",
        "tslib": "^2.3.1"
      },
      "engines": {
        "node": ">=12.20.1"
      }
    },
    "node_modules/indefinite-article": {
      "version": "0.0.2",
      "resolved": "https://registry.npmjs.org/indefinite-article/-/indefinite-article-0.0.2.tgz",
      "integrity": "sha1-S8hVJXBmz6th6mi+unXRANbiUGs="
    },
    "node_modules/media-encoder-host": {
      "version": "8.0.66",
      "resolved": "https://registry.npmjs.org/media-encoder-host/-/media-encoder-host-8.0.66.tgz",
      "integrity": "sha512-zEbDu8wY4POG+wuUA3I0gOkhk0Wqh8hIFMJr0xXXdAQhIY8Jgowgq2uPo3HfCkkaYkQ/HYqXUqE/L/Vf6Py8jw==",
      "dependencies": {
        "@babel/runtime": "^7.16.7",
        "media-encoder-host-broker": "^7.0.58",
        "media-encoder-host-worker": "^9.0.59",
        "tslib": "^2.3.1"
      }
    },
    "node_modules/media-encoder-host-broker": {
      "version": "7.0.58",
      "resolved": "https://registry.npmjs.org/media-encoder-host-broker/-/media-encoder-host-broker-7.0.58.tgz",
      "integrity": "sha512-S9TLcj9x2t8QUUE4AN09yjzOod9eMYKz91hDKEnBn8f1v2w59M7q4m4moH8owb9RZvAo3fqXC+344xS2GEUFHA==",
      "dependencies": {
        "@babel/runtime": "^7.16.7",
        "broker-factory": "^3.0.57",
        "fast-unique-numbers": "^6.0.11",
        "media-encoder-host-worker": "^9.0.59",
        "tslib": "^2.3.1"
      }
    },
    "node_modules/media-encoder-host-worker": {
      "version": "9.0.59",
      "resolved": "https://registry.npmjs.org/media-encoder-host-worker/-/media-encoder-host-worker-9.0.59.tgz",
      "integrity": "sha512-H0w/14QaW9zuTknokzAQAeHyVY+fePCRwfDXo5Ng1PTqNvpJIuoeCNtSgkmyYk77Lbq6tHpxbFdCaEs4kXfBIg==",
      "dependencies": {
        "@babel/runtime": "^7.16.7",
        "extendable-media-recorder-wav-encoder-broker": "^7.0.58",
        "tslib": "^2.3.1",
        "worker-factory": "^6.0.57"
      }
    },
    "node_modules/multi-buffer-data-view": {
      "version": "3.0.12",
      "resolved": "https://registry.npmjs.org/multi-buffer-data-view/-/multi-buffer-data-view-3.0.12.tgz",
      "integrity": "sha512-iTc22QQ/xkU7JxAsmXhARPG0yIrsKZUzSfKpXIMF96vSocI5H/dhIaMVTytM2GpgSfy4ouQOQ1rB0HvlenqGgw==",
      "dependencies": {
        "@babel/runtime": "^7.16.7",
        "tslib": "^2.3.1"
      },
      "engines": {
        "node": ">=12.20.1"
      }
    },
    "node_modules/preact": {
      "version": "10.6.6",
      "resolved": "https://registry.npmjs.org/preact/-/preact-10.6.6.tgz",
      "integrity": "sha512-dgxpTFV2vs4vizwKohYKkk7g7rmp1wOOcfd4Tz3IB3Wi+ivZzsn/SpeKJhRENSE+n8sUfsAl4S3HiCVT923ABw==",
      "funding": {
        "type": "opencollective",
        "url": "https://opencollective.com/preact"
      }
    },
    "node_modules/recorder-audio-worklet": {
      "version": "5.1.16",
      "resolved": "https://registry.npmjs.org/recorder-audio-worklet/-/recorder-audio-worklet-5.1.16.tgz",
      "integrity": "sha512-1sBUv9fZd/Dng+I1IYNNi/WgLLV5hVsUe26gmczjI1VV3mIZJWLfkAD8gJPwthB9yHv/DA/olUIRVKJSqUNa+Q==",
      "dependencies": {
        "@babel/runtime": "^7.16.7",
        "broker-factory": "^3.0.57",
        "fast-unique-numbers": "^6.0.11",
        "recorder-audio-worklet-processor": "^4.2.7",
        "standardized-audio-context": "^25.3.19",
        "subscribable-things": "^2.0.6",
        "tslib": "^2.3.1",
        "worker-factory": "^6.0.57"
      }
    },
    "node_modules/recorder-audio-worklet-processor": {
      "version": "4.2.7",
      "resolved": "https://registry.npmjs.org/recorder-audio-worklet-processor/-/recorder-audio-worklet-processor-4.2.7.tgz",
      "integrity": "sha512-Jyv8jOkB7lMN6Pxtln/3z2Le1yFqL8Y392MTYnhWNPiYTtz6xeKmMjPLiOLwDdx89xQi7IGLLzVOkrDhW95T6Q==",
      "dependencies": {
        "@babel/runtime": "^7.16.7",
        "tslib": "^2.3.1"
      }
    },
    "node_modules/regenerator-runtime": {
      "version": "0.13.9",
      "resolved": "https://registry.npmjs.org/regenerator-runtime/-/regenerator-runtime-0.13.9.tgz",
      "integrity": "sha512-p3VT+cOEgxFsRRA9X4lkI1E+k2/CtnKtU4gcxyaCUreilL/vqI6CdZ3wxVUx3UOUg+gnUOQQcRI7BmSI656MYA=="
    },
    "node_modules/rxjs-interop": {
      "version": "2.0.0",
      "resolved": "https://registry.npmjs.org/rxjs-interop/-/rxjs-interop-2.0.0.tgz",
      "integrity": "sha512-ASEq9atUw7lualXB+knvgtvwkCEvGWV2gDD/8qnASzBkzEARZck9JAyxmY8OS6Nc1pCPEgDTKNcx+YqqYfzArw=="
    },
    "node_modules/standardized-audio-context": {
      "version": "25.3.20",
      "resolved": "https://registry.npmjs.org/standardized-audio-context/-/standardized-audio-context-25.3.20.tgz",
      "integrity": "sha512-c6eMQXmN7iDS7ROuSqOrHQhxpazerJSnRHEJiKD8YkruZBTt/a5E7zmk+KkStoi0dohFAod8wvwWxc7S1gmdig==",
      "dependencies": {
        "@babel/runtime": "^7.17.0",
        "automation-events": "^4.0.12",
        "tslib": "^2.3.1"
      }
    },
    "node_modules/subscribable-things": {
      "version": "2.0.8",
      "resolved": "https://registry.npmjs.org/subscribable-things/-/subscribable-things-2.0.8.tgz",
      "integrity": "sha512-bKHb41kjNETnsZwGoH05Z2evu/6myk/pfC1GxK/3jpSq7Y4lDqUKY/Y29gIrWjT0kXG0lfbqbBjhilxEl6Bpfg==",
      "dependencies": {
        "@babel/runtime": "^7.17.0",
        "rxjs-interop": "^2.0.0",
        "tslib": "^2.3.1"
      }
    },
    "node_modules/three": {
      "version": "0.136.0",
      "resolved": "https://registry.npmjs.org/three/-/three-0.136.0.tgz",
      "integrity": "sha512-+fEMX7nYLz2ZesVP/dyifli5Jf8gR3XPAnFJveQ80aMhibFduzrADnjMbARXh8+W9qLK7rshJCjAIL/6cDxC+A=="
    },
    "node_modules/tslib": {
      "version": "2.3.1",
      "resolved": "https://registry.npmjs.org/tslib/-/tslib-2.3.1.tgz",
      "integrity": "sha512-77EbyPPpMz+FRFRuAFlWMtmgUWGe9UOG2Z25NqCwiIjRhOf5iKGuzSe5P2w1laq+FkRy4p+PCuVkJSGkzTEKVw=="
    },
    "node_modules/worker-factory": {
      "version": "6.0.58",
      "resolved": "https://registry.npmjs.org/worker-factory/-/worker-factory-6.0.58.tgz",
      "integrity": "sha512-qNB72IJZ7S51vwoDY2S6Prba6bPRGKrGbetVXNBekWDheH3pLawu+NRizi/H2WriDd3xU9EAORF9ym+xk6g8nQ==",
      "dependencies": {
        "@babel/runtime": "^7.17.0",
        "compilerr": "^9.0.12",
        "fast-unique-numbers": "^6.0.12",
        "tslib": "^2.3.1"
      }
    }
  },
  "dependencies": {
    "@babel/runtime": {
      "version": "7.17.0",
      "resolved": "https://registry.npmjs.org/@babel/runtime/-/runtime-7.17.0.tgz",
      "integrity": "sha512-etcO/ohMNaNA2UBdaXBBSX/3aEzFMRrVfaPv8Ptc0k+cWpWW0QFiGZ2XnVqQZI1Cf734LbPGmqBKWESfW4x/dQ==",
      "requires": {
        "regenerator-runtime": "^0.13.4"
      }
    },
    "automation-events": {
      "version": "4.0.12",
      "resolved": "https://registry.npmjs.org/automation-events/-/automation-events-4.0.12.tgz",
      "integrity": "sha512-7tu7q/rw3vFuAwjBoarCGql3V0HkC5QAbZUYhOblxxkHzdLUTjVotm0iaIRwiCSqxMeoFK64LrgaSCuSZguvGA==",
      "requires": {
        "@babel/runtime": "^7.16.7",
        "tslib": "^2.3.1"
      }
    },
    "broker-factory": {
      "version": "3.0.57",
      "resolved": "https://registry.npmjs.org/broker-factory/-/broker-factory-3.0.57.tgz",
      "integrity": "sha512-+7WZeIMjY9fP9CS5Qw9SN1bx+oFQyWRHtfYlIZDTSGpdplJiH232UNpr0vKgnSFEEV8J22ucH3AA6p8BooB0fw==",
      "requires": {
        "@babel/runtime": "^7.16.7",
        "fast-unique-numbers": "^6.0.11",
        "tslib": "^2.3.1",
        "worker-factory": "^6.0.57"
      }
    },
    "compilerr": {
      "version": "9.0.12",
      "resolved": "https://registry.npmjs.org/compilerr/-/compilerr-9.0.12.tgz",
      "integrity": "sha512-3cDQLziEkZNdQ1JfLvQd1iErcj4Nmh7C65Cuf1BUC7KSVbRvz4KwoAD2avRSY7YDXBCwBZNLqCWYsMxnYEphYw==",
      "requires": {
        "@babel/runtime": "^7.17.0",
        "dashify": "^2.0.0",
        "indefinite-article": "0.0.2",
        "tslib": "^2.3.1"
      }
    },
    "dashify": {
      "version": "2.0.0",
      "resolved": "https://registry.npmjs.org/dashify/-/dashify-2.0.0.tgz",
      "integrity": "sha512-hpA5C/YrPjucXypHPPc0oJ1l9Hf6wWbiOL7Ik42cxnsUOhWiCB/fylKbKqqJalW9FgkNQCw16YO8uW9Hs0Iy1A=="
    },
    "esbuild": {
      "version": "0.14.48",
      "resolved": "https://registry.npmjs.org/esbuild/-/esbuild-0.14.48.tgz",
      "integrity": "sha512-w6N1Yn5MtqK2U1/WZTX9ZqUVb8IOLZkZ5AdHkT6x3cHDMVsYWC7WPdiLmx19w3i4Rwzy5LqsEMtVihG3e4rFzA==",
      "dev": true,
      "requires": {
        "esbuild-android-64": "0.14.48",
        "esbuild-android-arm64": "0.14.48",
        "esbuild-darwin-64": "0.14.48",
        "esbuild-darwin-arm64": "0.14.48",
        "esbuild-freebsd-64": "0.14.48",
        "esbuild-freebsd-arm64": "0.14.48",
        "esbuild-linux-32": "0.14.48",
        "esbuild-linux-64": "0.14.48",
        "esbuild-linux-arm": "0.14.48",
        "esbuild-linux-arm64": "0.14.48",
        "esbuild-linux-mips64le": "0.14.48",
        "esbuild-linux-ppc64le": "0.14.48",
        "esbuild-linux-riscv64": "0.14.48",
        "esbuild-linux-s390x": "0.14.48",
        "esbuild-netbsd-64": "0.14.48",
        "esbuild-openbsd-64": "0.14.48",
        "esbuild-sunos-64": "0.14.48",
        "esbuild-windows-32": "0.14.48",
        "esbuild-windows-64": "0.14.48",
        "esbuild-windows-arm64": "0.14.48"
      }
    },
    "esbuild-android-64": {
      "version": "0.14.48",
      "resolved": "https://registry.npmjs.org/esbuild-android-64/-/esbuild-android-64-0.14.48.tgz",
      "integrity": "sha512-3aMjboap/kqwCUpGWIjsk20TtxVoKck8/4Tu19rubh7t5Ra0Yrpg30Mt1QXXlipOazrEceGeWurXKeFJgkPOUg==",
      "dev": true,
      "optional": true
    },
    "esbuild-android-arm64": {
      "version": "0.14.48",
      "resolved": "https://registry.npmjs.org/esbuild-android-arm64/-/esbuild-android-arm64-0.14.48.tgz",
      "integrity": "sha512-vptI3K0wGALiDq+EvRuZotZrJqkYkN5282iAfcffjI5lmGG9G1ta/CIVauhY42MBXwEgDJkweiDcDMRLzBZC4g==",
      "dev": true,
      "optional": true
    },
    "esbuild-darwin-64": {
      "version": "0.14.48",
      "resolved": "https://registry.npmjs.org/esbuild-darwin-64/-/esbuild-darwin-64-0.14.48.tgz",
      "integrity": "sha512-gGQZa4+hab2Va/Zww94YbshLuWteyKGD3+EsVon8EWTWhnHFRm5N9NbALNbwi/7hQ/hM1Zm4FuHg+k6BLsl5UA==",
      "dev": true,
      "optional": true
    },
    "esbuild-darwin-arm64": {
      "version": "0.14.48",
      "resolved": "https://registry.npmjs.org/esbuild-darwin-arm64/-/esbuild-darwin-arm64-0.14.48.tgz",
      "integrity": "sha512-bFjnNEXjhZT+IZ8RvRGNJthLWNHV5JkCtuOFOnjvo5pC0sk2/QVk0Qc06g2PV3J0TcU6kaPC3RN9yy9w2PSLEA==",
      "dev": true,
      "optional": true
    },
    "esbuild-freebsd-64": {
      "version": "0.14.48",
      "resolved": "https://registry.npmjs.org/esbuild-freebsd-64/-/esbuild-freebsd-64-0.14.48.tgz",
      "integrity": "sha512-1NOlwRxmOsnPcWOGTB10JKAkYSb2nue0oM1AfHWunW/mv3wERfJmnYlGzL3UAOIUXZqW8GeA2mv+QGwq7DToqA==",
      "dev": true,
      "optional": true
    },
    "esbuild-freebsd-arm64": {
      "version": "0.14.48",
      "resolved": "https://registry.npmjs.org/esbuild-freebsd-arm64/-/esbuild-freebsd-arm64-0.14.48.tgz",
      "integrity": "sha512-gXqKdO8wabVcYtluAbikDH2jhXp+Klq5oCD5qbVyUG6tFiGhrC9oczKq3vIrrtwcxDQqK6+HDYK8Zrd4bCA9Gw==",
      "dev": true,
      "optional": true
    },
    "esbuild-linux-32": {
      "version": "0.14.48",
      "resolved": "https://registry.npmjs.org/esbuild-linux-32/-/esbuild-linux-32-0.14.48.tgz",
      "integrity": "sha512-ghGyDfS289z/LReZQUuuKq9KlTiTspxL8SITBFQFAFRA/IkIvDpnZnCAKTCjGXAmUqroMQfKJXMxyjJA69c/nQ==",
      "dev": true,
      "optional": true
    },
    "esbuild-linux-64": {
      "version": "0.14.48",
      "resolved": "https://registry.npmjs.org/esbuild-linux-64/-/esbuild-linux-64-0.14.48.tgz",
      "integrity": "sha512-vni3p/gppLMVZLghI7oMqbOZdGmLbbKR23XFARKnszCIBpEMEDxOMNIKPmMItQrmH/iJrL1z8Jt2nynY0bE1ug==",
      "dev": true,
      "optional": true
    },
    "esbuild-linux-arm": {
      "version": "0.14.48",
      "resolved": "https://registry.npmjs.org/esbuild-linux-arm/-/esbuild-linux-arm-0.14.48.tgz",
      "integrity": "sha512-+VfSV7Akh1XUiDNXgqgY1cUP1i2vjI+BmlyXRfVz5AfV3jbpde8JTs5Q9sYgaoq5cWfuKfoZB/QkGOI+QcL1Tw==",
      "dev": true,
      "optional": true
    },
    "esbuild-linux-arm64": {
      "version": "0.14.48",
      "resolved": "https://registry.npmjs.org/esbuild-linux-arm64/-/esbuild-linux-arm64-0.14.48.tgz",
      "integrity": "sha512-3CFsOlpoxlKPRevEHq8aAntgYGYkE1N9yRYAcPyng/p4Wyx0tPR5SBYsxLKcgPB9mR8chHEhtWYz6EZ+H199Zw==",
      "dev": true,
      "optional": true
    },
    "esbuild-linux-mips64le": {
      "version": "0.14.48",
      "resolved": "https://registry.npmjs.org/esbuild-linux-mips64le/-/esbuild-linux-mips64le-0.14.48.tgz",
      "integrity": "sha512-cs0uOiRlPp6ymknDnjajCgvDMSsLw5mST2UXh+ZIrXTj2Ifyf2aAP3Iw4DiqgnyYLV2O/v/yWBJx+WfmKEpNLA==",
      "dev": true,
      "optional": true
    },
    "esbuild-linux-ppc64le": {
      "version": "0.14.48",
      "resolved": "https://registry.npmjs.org/esbuild-linux-ppc64le/-/esbuild-linux-ppc64le-0.14.48.tgz",
      "integrity": "sha512-+2F0vJMkuI0Wie/wcSPDCqXvSFEELH7Jubxb7mpWrA/4NpT+/byjxDz0gG6R1WJoeDefcrMfpBx4GFNN1JQorQ==",
      "dev": true,
      "optional": true
    },
    "esbuild-linux-riscv64": {
      "version": "0.14.48",
      "resolved": "https://registry.npmjs.org/esbuild-linux-riscv64/-/esbuild-linux-riscv64-0.14.48.tgz",
      "integrity": "sha512-BmaK/GfEE+5F2/QDrIXteFGKnVHGxlnK9MjdVKMTfvtmudjY3k2t8NtlY4qemKSizc+QwyombGWTBDc76rxePA==",
      "dev": true,
      "optional": true
    },
    "esbuild-linux-s390x": {
      "version": "0.14.48",
      "resolved": "https://registry.npmjs.org/esbuild-linux-s390x/-/esbuild-linux-s390x-0.14.48.tgz",
      "integrity": "sha512-tndw/0B9jiCL+KWKo0TSMaUm5UWBLsfCKVdbfMlb3d5LeV9WbijZ8Ordia8SAYv38VSJWOEt6eDCdOx8LqkC4g==",
      "dev": true,
      "optional": true
    },
    "esbuild-netbsd-64": {
      "version": "0.14.48",
      "resolved": "https://registry.npmjs.org/esbuild-netbsd-64/-/esbuild-netbsd-64-0.14.48.tgz",
      "integrity": "sha512-V9hgXfwf/T901Lr1wkOfoevtyNkrxmMcRHyticybBUHookznipMOHoF41Al68QBsqBxnITCEpjjd4yAos7z9Tw==",
      "dev": true,
      "optional": true
    },
    "esbuild-openbsd-64": {
      "version": "0.14.48",
      "resolved": "https://registry.npmjs.org/esbuild-openbsd-64/-/esbuild-openbsd-64-0.14.48.tgz",
      "integrity": "sha512-+IHf4JcbnnBl4T52egorXMatil/za0awqzg2Vy6FBgPcBpisDWT2sVz/tNdrK9kAqj+GZG/jZdrOkj7wsrNTKA==",
      "dev": true,
      "optional": true
    },
    "esbuild-sunos-64": {
      "version": "0.14.48",
      "resolved": "https://registry.npmjs.org/esbuild-sunos-64/-/esbuild-sunos-64-0.14.48.tgz",
      "integrity": "sha512-77m8bsr5wOpOWbGi9KSqDphcq6dFeJyun8TA+12JW/GAjyfTwVtOnN8DOt6DSPUfEV+ltVMNqtXUeTeMAxl5KA==",
      "dev": true,
      "optional": true
    },
    "esbuild-windows-32": {
      "version": "0.14.48",
      "resolved": "https://registry.npmjs.org/esbuild-windows-32/-/esbuild-windows-32-0.14.48.tgz",
      "integrity": "sha512-EPgRuTPP8vK9maxpTGDe5lSoIBHGKO/AuxDncg5O3NkrPeLNdvvK8oywB0zGaAZXxYWfNNSHskvvDgmfVTguhg==",
      "dev": true,
      "optional": true
    },
    "esbuild-windows-64": {
      "version": "0.14.48",
      "resolved": "https://registry.npmjs.org/esbuild-windows-64/-/esbuild-windows-64-0.14.48.tgz",
      "integrity": "sha512-YmpXjdT1q0b8ictSdGwH3M8VCoqPpK1/UArze3X199w6u8hUx3V8BhAi1WjbsfDYRBanVVtduAhh2sirImtAvA==",
      "dev": true,
      "optional": true
    },
    "esbuild-windows-arm64": {
      "version": "0.14.48",
      "resolved": "https://registry.npmjs.org/esbuild-windows-arm64/-/esbuild-windows-arm64-0.14.48.tgz",
      "integrity": "sha512-HHaOMCsCXp0rz5BT2crTka6MPWVno121NKApsGs/OIW5QC0ggC69YMGs1aJct9/9FSUF4A1xNE/cLvgB5svR4g==",
      "dev": true,
      "optional": true
    },
    "extendable-media-recorder": {
      "version": "6.5.16",
      "resolved": "https://registry.npmjs.org/extendable-media-recorder/-/extendable-media-recorder-6.5.16.tgz",
      "integrity": "sha512-1C6A46/cjCtm7SyZ5BF6bGE9IzlE2W5wORB3Gbgf5mE6C51s15T0eo0+25AtDu6GnSzY5uZXYUIjOeeZwDscSg==",
      "requires": {
        "@babel/runtime": "^7.16.7",
        "media-encoder-host": "^8.0.66",
        "multi-buffer-data-view": "^3.0.12",
        "recorder-audio-worklet": "^5.1.16",
        "standardized-audio-context": "^25.3.19",
        "subscribable-things": "^2.0.6",
        "tslib": "^2.3.1"
      }
    },
    "extendable-media-recorder-wav-encoder": {
      "version": "7.0.65",
      "resolved": "https://registry.npmjs.org/extendable-media-recorder-wav-encoder/-/extendable-media-recorder-wav-encoder-7.0.65.tgz",
      "integrity": "sha512-gW/LGX6fGga6iAmOwVPqA+UAlk8L/YR55a59eo1/R9zH2EqZK2ZomTdxA3Vl9LoTq/uXfRzS4TKJug2dWYDfPA==",
      "requires": {
        "@babel/runtime": "^7.16.7",
        "extendable-media-recorder-wav-encoder-broker": "^7.0.58",
        "extendable-media-recorder-wav-encoder-worker": "^8.0.57",
        "tslib": "^2.3.1"
      }
    },
    "extendable-media-recorder-wav-encoder-broker": {
      "version": "7.0.58",
      "resolved": "https://registry.npmjs.org/extendable-media-recorder-wav-encoder-broker/-/extendable-media-recorder-wav-encoder-broker-7.0.58.tgz",
      "integrity": "sha512-NEPwTOuYewtfqlV2fScW8/Jqa3XVLZlEneVZea3ie6ddou/4VnTfL35JQ0obnRxsSRTwgWQbMiM+TFLeV8TWwQ==",
      "requires": {
        "@babel/runtime": "^7.16.7",
        "broker-factory": "^3.0.57",
        "extendable-media-recorder-wav-encoder-worker": "^8.0.57",
        "tslib": "^2.3.1"
      }
    },
    "extendable-media-recorder-wav-encoder-worker": {
      "version": "8.0.57",
      "resolved": "https://registry.npmjs.org/extendable-media-recorder-wav-encoder-worker/-/extendable-media-recorder-wav-encoder-worker-8.0.57.tgz",
      "integrity": "sha512-3Z7pg4LAGr2p67tiqYmRFyOC0wCIhtpX6H3fUHQfMAtMsYGElYqUhxOPeitVNOSeQjp4fzr7iksteJbURhCVKA==",
      "requires": {
        "@babel/runtime": "^7.16.7",
        "tslib": "^2.3.1",
        "worker-factory": "^6.0.57"
      }
    },
    "fast-unique-numbers": {
      "version": "6.0.12",
      "resolved": "https://registry.npmjs.org/fast-unique-numbers/-/fast-unique-numbers-6.0.12.tgz",
      "integrity": "sha512-HIY5gqgeKPMZRDhs9o66ZE/hstN/AVKjeqy77QJCB7n6DoBy9cdN1PaTDKhXkcsy8nfes15GCU9t1xHLPO7Ofw==",
      "requires": {
        "@babel/runtime": "^7.17.0",
        "tslib": "^2.3.1"
      }
    },
    "indefinite-article": {
      "version": "0.0.2",
      "resolved": "https://registry.npmjs.org/indefinite-article/-/indefinite-article-0.0.2.tgz",
      "integrity": "sha1-S8hVJXBmz6th6mi+unXRANbiUGs="
    },
    "media-encoder-host": {
      "version": "8.0.66",
      "resolved": "https://registry.npmjs.org/media-encoder-host/-/media-encoder-host-8.0.66.tgz",
      "integrity": "sha512-zEbDu8wY4POG+wuUA3I0gOkhk0Wqh8hIFMJr0xXXdAQhIY8Jgowgq2uPo3HfCkkaYkQ/HYqXUqE/L/Vf6Py8jw==",
      "requires": {
        "@babel/runtime": "^7.16.7",
        "media-encoder-host-broker": "^7.0.58",
        "media-encoder-host-worker": "^9.0.59",
        "tslib": "^2.3.1"
      }
    },
    "media-encoder-host-broker": {
      "version": "7.0.58",
      "resolved": "https://registry.npmjs.org/media-encoder-host-broker/-/media-encoder-host-broker-7.0.58.tgz",
      "integrity": "sha512-S9TLcj9x2t8QUUE4AN09yjzOod9eMYKz91hDKEnBn8f1v2w59M7q4m4moH8owb9RZvAo3fqXC+344xS2GEUFHA==",
      "requires": {
        "@babel/runtime": "^7.16.7",
        "broker-factory": "^3.0.57",
        "fast-unique-numbers": "^6.0.11",
        "media-encoder-host-worker": "^9.0.59",
        "tslib": "^2.3.1"
      }
    },
    "media-encoder-host-worker": {
      "version": "9.0.59",
      "resolved": "https://registry.npmjs.org/media-encoder-host-worker/-/media-encoder-host-worker-9.0.59.tgz",
      "integrity": "sha512-H0w/14QaW9zuTknokzAQAeHyVY+fePCRwfDXo5Ng1PTqNvpJIuoeCNtSgkmyYk77Lbq6tHpxbFdCaEs4kXfBIg==",
      "requires": {
        "@babel/runtime": "^7.16.7",
        "extendable-media-recorder-wav-encoder-broker": "^7.0.58",
        "tslib": "^2.3.1",
        "worker-factory": "^6.0.57"
      }
    },
    "multi-buffer-data-view": {
      "version": "3.0.12",
      "resolved": "https://registry.npmjs.org/multi-buffer-data-view/-/multi-buffer-data-view-3.0.12.tgz",
      "integrity": "sha512-iTc22QQ/xkU7JxAsmXhARPG0yIrsKZUzSfKpXIMF96vSocI5H/dhIaMVTytM2GpgSfy4ouQOQ1rB0HvlenqGgw==",
      "requires": {
        "@babel/runtime": "^7.16.7",
        "tslib": "^2.3.1"
      }
    },
    "preact": {
      "version": "10.6.6",
      "resolved": "https://registry.npmjs.org/preact/-/preact-10.6.6.tgz",
      "integrity": "sha512-dgxpTFV2vs4vizwKohYKkk7g7rmp1wOOcfd4Tz3IB3Wi+ivZzsn/SpeKJhRENSE+n8sUfsAl4S3HiCVT923ABw=="
    },
    "recorder-audio-worklet": {
      "version": "5.1.16",
      "resolved": "https://registry.npmjs.org/recorder-audio-worklet/-/recorder-audio-worklet-5.1.16.tgz",
      "integrity": "sha512-1sBUv9fZd/Dng+I1IYNNi/WgLLV5hVsUe26gmczjI1VV3mIZJWLfkAD8gJPwthB9yHv/DA/olUIRVKJSqUNa+Q==",
      "requires": {
        "@babel/runtime": "^7.16.7",
        "broker-factory": "^3.0.57",
        "fast-unique-numbers": "^6.0.11",
        "recorder-audio-worklet-processor": "^4.2.7",
        "standardized-audio-context": "^25.3.19",
        "subscribable-things": "^2.0.6",
        "tslib": "^2.3.1",
        "worker-factory": "^6.0.57"
      }
    },
    "recorder-audio-worklet-processor": {
      "version": "4.2.7",
      "resolved": "https://registry.npmjs.org/recorder-audio-worklet-processor/-/recorder-audio-worklet-processor-4.2.7.tgz",
      "integrity": "sha512-Jyv8jOkB7lMN6Pxtln/3z2Le1yFqL8Y392MTYnhWNPiYTtz6xeKmMjPLiOLwDdx89xQi7IGLLzVOkrDhW95T6Q==",
      "requires": {
        "@babel/runtime": "^7.16.7",
        "tslib": "^2.3.1"
      }
    },
    "regenerator-runtime": {
      "version": "0.13.9",
      "resolved": "https://registry.npmjs.org/regenerator-runtime/-/regenerator-runtime-0.13.9.tgz",
      "integrity": "sha512-p3VT+cOEgxFsRRA9X4lkI1E+k2/CtnKtU4gcxyaCUreilL/vqI6CdZ3wxVUx3UOUg+gnUOQQcRI7BmSI656MYA=="
    },
    "rxjs-interop": {
      "version": "2.0.0",
      "resolved": "https://registry.npmjs.org/rxjs-interop/-/rxjs-interop-2.0.0.tgz",
      "integrity": "sha512-ASEq9atUw7lualXB+knvgtvwkCEvGWV2gDD/8qnASzBkzEARZck9JAyxmY8OS6Nc1pCPEgDTKNcx+YqqYfzArw=="
    },
    "standardized-audio-context": {
      "version": "25.3.20",
      "resolved": "https://registry.npmjs.org/standardized-audio-context/-/standardized-audio-context-25.3.20.tgz",
      "integrity": "sha512-c6eMQXmN7iDS7ROuSqOrHQhxpazerJSnRHEJiKD8YkruZBTt/a5E7zmk+KkStoi0dohFAod8wvwWxc7S1gmdig==",
      "requires": {
        "@babel/runtime": "^7.17.0",
        "automation-events": "^4.0.12",
        "tslib": "^2.3.1"
      }
    },
    "subscribable-things": {
      "version": "2.0.8",
      "resolved": "https://registry.npmjs.org/subscribable-things/-/subscribable-things-2.0.8.tgz",
      "integrity": "sha512-bKHb41kjNETnsZwGoH05Z2evu/6myk/pfC1GxK/3jpSq7Y4lDqUKY/Y29gIrWjT0kXG0lfbqbBjhilxEl6Bpfg==",
      "requires": {
        "@babel/runtime": "^7.17.0",
        "rxjs-interop": "^2.0.0",
        "tslib": "^2.3.1"
      }
    },
    "three": {
      "version": "0.136.0",
      "resolved": "https://registry.npmjs.org/three/-/three-0.136.0.tgz",
      "integrity": "sha512-+fEMX7nYLz2ZesVP/dyifli5Jf8gR3XPAnFJveQ80aMhibFduzrADnjMbARXh8+W9qLK7rshJCjAIL/6cDxC+A=="
    },
    "tslib": {
      "version": "2.3.1",
      "resolved": "https://registry.npmjs.org/tslib/-/tslib-2.3.1.tgz",
      "integrity": "sha512-77EbyPPpMz+FRFRuAFlWMtmgUWGe9UOG2Z25NqCwiIjRhOf5iKGuzSe5P2w1laq+FkRy4p+PCuVkJSGkzTEKVw=="
    },
    "worker-factory": {
      "version": "6.0.58",
      "resolved": "https://registry.npmjs.org/worker-factory/-/worker-factory-6.0.58.tgz",
      "integrity": "sha512-qNB72IJZ7S51vwoDY2S6Prba6bPRGKrGbetVXNBekWDheH3pLawu+NRizi/H2WriDd3xU9EAORF9ym+xk6g8nQ==",
      "requires": {
        "@babel/runtime": "^7.17.0",
        "compilerr": "^9.0.12",
        "fast-unique-numbers": "^6.0.12",
        "tslib": "^2.3.1"
      }
    }
  }
}
